<?xml version="1.0" encoding="utf-8"?>
<Project ToolsVersion="15.0" xmlns="http://schemas.microsoft.com/developer/msbuild/2003">
  <ItemGroup>
    <Filter Include="include files">
      <UniqueIdentifier>{02eae409-1c26-43a3-8451-8def53fce89c}</UniqueIdentifier>
      <Extensions>h;hh;hpp;hxx;hm;inl;inc;ipp;xsd</Extensions>
    </Filter>
    <Filter Include="source files">
      <UniqueIdentifier>{9b3043a8-d561-4751-9fcc-fae9f579694c}</UniqueIdentifier>
      <Extensions>cpp;c;cc;cxx;def;odl;idl;hpj;bat;asm;asmx</Extensions>
    </Filter>
  </ItemGroup>
  <ItemGroup>
    <ClCompile Include="dllmain.cpp" />
    <ClCompile Include="pch.cpp" />
    <ClCompile Include="..\..\source\uwp\dispatcher.cpp">
      <Filter>source files</Filter>
    </ClCompile>
    <ClCompile Include="..\..\source\uwp\core_app.cpp">
      <Filter>source files</Filter>
    </ClCompile>
  </ItemGroup>
  <ItemGroup>
    <ClInclude Include="pch.h" />
    <ClInclude Include="..\..\source\uwp\core_app.h">
      <Filter>include files</Filter>
    </ClInclude>
  </ItemGroup>
</Project>