<?xml version="1.0" encoding="utf-8"?>
<Project ToolsVersion="4.0" xmlns="http://schemas.microsoft.com/developer/msbuild/2003">
  <ItemGroup>
    <Filter Include="Source Files">
      <UniqueIdentifier>{4FC737F1-C7A5-4376-A066-2A32D752A2FF}</UniqueIdentifier>
      <Extensions>cpp;c;cc;cxx;def;odl;idl;hpj;bat;asm;asmx</Extensions>
    </Filter>
    <Filter Include="Header Files">
      <UniqueIdentifier>{93995380-89BD-4b04-88EB-625FBE52EBFB}</UniqueIdentifier>
      <Extensions>h;hh;hpp;hxx;hm;inl;inc;xsd</Extensions>
    </Filter>
    <Filter Include="Resource Files">
      <UniqueIdentifier>{67DA6AB6-F800-4c08-8B7A-83BB121AAD01}</UniqueIdentifier>
      <Extensions>rc;ico;cur;bmp;dlg;rc2;rct;bin;rgs;gif;jpg;jpeg;jpe;resx;tiff;tif;png;wav;mfcribbon-ms</Extensions>
    </Filter>
    <Filter Include="Resource Files\resources">
      <UniqueIdentifier>{76a869ff-3680-4f4a-876c-80db9763695c}</UniqueIdentifier>
    </Filter>
    <Filter Include="Resource Files\resources\shaders">
      <UniqueIdentifier>{4c5b60d0-adaa-4ddd-9f64-d2dfab6665e6}</UniqueIdentifier>
    </Filter>
    <Filter Include="Header Files\UI">
      <UniqueIdentifier>{ae527877-f9a0-4ad2-a09b-48d2e7e478d6}</UniqueIdentifier>
    </Filter>
    <Filter Include="Source Files\UI">
      <UniqueIdentifier>{5d40bf7b-b1b6-496f-b1e6-6d154de8031a}</UniqueIdentifier>
    </Filter>
    <Filter Include="Binary Files">
      <UniqueIdentifier>{c27da46d-dc83-4cc2-81da-cee2da11b6f5}</UniqueIdentifier>
    </Filter>
  </ItemGroup>
  <ItemGroup>
    <Text Include="ReadMe.txt" />
  </ItemGroup>
  <ItemGroup>
    <ClInclude Include="AngineEditor.h">
      <Filter>Header Files</Filter>
    </ClInclude>
    <ClInclude Include="targetver.h">
      <Filter>Header Files</Filter>
    </ClInclude>
    <ClInclude Include="Resource.h">
      <Filter>Header Files</Filter>
    </ClInclude>
    <ClInclude Include="UI\AEProjectDoc.h">
      <Filter>Header Files\UI</Filter>
    </ClInclude>
    <ClInclude Include="UI\AEProjectPropFrm.h">
      <Filter>Header Files\UI</Filter>
    </ClInclude>
    <ClInclude Include="UI\AEProjectPropView.h">
      <Filter>Header Files\UI</Filter>
    </ClInclude>
    <ClInclude Include="UI\ChildFrm.h">
      <Filter>Header Files\UI</Filter>
    </ClInclude>
    <ClInclude Include="UI\ClassView.h">
      <Filter>Header Files\UI</Filter>
    </ClInclude>
    <ClInclude Include="UI\CntrItem.h">
      <Filter>Header Files\UI</Filter>
    </ClInclude>
    <ClInclude Include="UI\FileView.h">
      <Filter>Header Files\UI</Filter>
    </ClInclude>
    <ClInclude Include="UI\MainFrm.h">
      <Filter>Header Files\UI</Filter>
    </ClInclude>
    <ClInclude Include="UI\NewProjectDlg.h">
      <Filter>Header Files\UI</Filter>
    </ClInclude>
    <ClInclude Include="UI\OutputWnd.h">
      <Filter>Header Files\UI</Filter>
    </ClInclude>
    <ClInclude Include="UI\PropertiesWnd.h">
      <Filter>Header Files\UI</Filter>
    </ClInclude>
    <ClInclude Include="UI\ViewTree.h">
      <Filter>Header Files\UI</Filter>
    </ClInclude>
    <ClInclude Include="ProjectDocTemplate.h">
      <Filter>Header Files</Filter>
    </ClInclude>
    <ClInclude Include="ProjectManager.h">
      <Filter>Header Files</Filter>
    </ClInclude>
    <ClInclude Include="AngineEditorDocManager.h">
      <Filter>Header Files</Filter>
    </ClInclude>
    <ClInclude Include="UI\XmlFileDoc.h">
      <Filter>Header Files\UI</Filter>
    </ClInclude>
    <ClInclude Include="UI\EffectView.h">
      <Filter>Header Files\UI</Filter>
    </ClInclude>
    <ClInclude Include="EffectData.h">
      <Filter>Header Files</Filter>
    </ClInclude>
    <ClInclude Include="stdafx.h">
      <Filter>Header Files</Filter>
    </ClInclude>
    <ClInclude Include="UI\AddNewProfileDlg.h">
      <Filter>Header Files\UI</Filter>
    </ClInclude>
    <ClInclude Include="UI\ChildDlg.h">
      <Filter>Header Files\UI</Filter>
    </ClInclude>
    <ClInclude Include="UI\PickerCtrl.h">
      <Filter>Header Files\UI</Filter>
    </ClInclude>
    <ClInclude Include="UI\MFCPropertyGridComboButtonProperty.h">
      <Filter>Header Files\UI</Filter>
    </ClInclude>
    <ClInclude Include="UI\MFCButtonToolBarStyle.h">
      <Filter>Header Files\UI</Filter>
    </ClInclude>
    <ClInclude Include="UI\StackPanelCtrl.h">
      <Filter>Header Files\UI</Filter>
    </ClInclude>
    <ClInclude Include="UI\MFCComboBoxToolBarStyle.h">
      <Filter>Header Files\UI</Filter>
    </ClInclude>
    <ClInclude Include="UI\MFCFormView.h">
      <Filter>Header Files\UI</Filter>
    </ClInclude>
    <ClInclude Include="UI\MFCStatic.h">
      <Filter>Header Files\UI</Filter>
    </ClInclude>
    <ClInclude Include="UI\C3DView.h">
      <Filter>Header Files\UI</Filter>
    </ClInclude>
    <ClInclude Include="UI\DockableFrame.h">
      <Filter>Header Files\UI</Filter>
    </ClInclude>
    <ClInclude Include="UI\DockableChildFrm.h">
      <Filter>Header Files\UI</Filter>
    </ClInclude>
    <ClInclude Include="UI\ShaderPropertiesCtrl.h">
      <Filter>Header Files\UI</Filter>
    </ClInclude>
    <ClInclude Include="UI\CodeView.h">
      <Filter>Header Files\UI</Filter>
    </ClInclude>
    <ClInclude Include="UI\CodeDoc.h">
      <Filter>Header Files\UI</Filter>
    </ClInclude>
    <ClInclude Include="UI\LexerCtrl.h">
      <Filter>Header Files\UI</Filter>
    </ClInclude>
    <ClInclude Include="UI\SyntaxColorPickerDlg.h">
      <Filter>Header Files\UI</Filter>
    </ClInclude>
    <ClInclude Include="UI\FontStyleDlg.h">
      <Filter>Header Files\UI</Filter>
    </ClInclude>
  </ItemGroup>
  <ItemGroup>
    <ClCompile Include="AngineEditor.cpp">
      <Filter>Source Files</Filter>
    </ClCompile>
    <ClCompile Include="UI\AEProjectDoc.cpp">
      <Filter>Source Files\UI</Filter>
    </ClCompile>
    <ClCompile Include="UI\AEProjectPropFrm.cpp">
      <Filter>Source Files\UI</Filter>
    </ClCompile>
    <ClCompile Include="UI\AEProjectPropView.cpp">
      <Filter>Source Files\UI</Filter>
    </ClCompile>
    <ClCompile Include="UI\ChildFrm.cpp">
      <Filter>Source Files\UI</Filter>
    </ClCompile>
    <ClCompile Include="UI\ClassView.cpp">
      <Filter>Source Files\UI</Filter>
    </ClCompile>
    <ClCompile Include="UI\FileView.cpp">
      <Filter>Source Files\UI</Filter>
    </ClCompile>
    <ClCompile Include="UI\MainFrm.cpp">
      <Filter>Source Files\UI</Filter>
    </ClCompile>
    <ClCompile Include="UI\NewProjectDlg.cpp">
      <Filter>Source Files\UI</Filter>
    </ClCompile>
    <ClCompile Include="UI\OutputWnd.cpp">
      <Filter>Source Files\UI</Filter>
    </ClCompile>
    <ClCompile Include="UI\PropertiesWnd.cpp">
      <Filter>Source Files\UI</Filter>
    </ClCompile>
    <ClCompile Include="UI\ViewTree.cpp">
      <Filter>Source Files\UI</Filter>
    </ClCompile>
    <ClCompile Include="ProjectDocTemplate.cpp">
      <Filter>Source Files</Filter>
    </ClCompile>
    <ClCompile Include="ProjectManager.cpp">
      <Filter>Source Files</Filter>
    </ClCompile>
    <ClCompile Include="AngineEditorDocManager.cpp">
      <Filter>Source Files</Filter>
    </ClCompile>
    <ClCompile Include="UI\EffectView.cpp">
      <Filter>Source Files\UI</Filter>
    </ClCompile>
    <ClCompile Include="UI\XmlFileDoc.cpp">
      <Filter>Source Files\UI</Filter>
    </ClCompile>
    <ClCompile Include="EffectData.cpp">
      <Filter>Source Files</Filter>
    </ClCompile>
    <ClCompile Include="stdafx.cpp">
      <Filter>Source Files</Filter>
    </ClCompile>
    <ClCompile Include="UI\AddNewProfileDlg.cpp">
      <Filter>Source Files\UI</Filter>
    </ClCompile>
    <ClCompile Include="UI\StackPanelCtrl.cpp">
      <Filter>Source Files\UI</Filter>
    </ClCompile>
    <ClCompile Include="UI\ChildDlg.cpp">
      <Filter>Source Files\UI</Filter>
    </ClCompile>
    <ClCompile Include="UI\PickerCtrl.cpp">
      <Filter>Source Files\UI</Filter>
    </ClCompile>
    <ClCompile Include="UI\MFCButtonToolBarStyle.cpp">
      <Filter>Source Files\UI</Filter>
    </ClCompile>
    <ClCompile Include="UI\MFCPropertyGridComboButtonProperty.cpp">
      <Filter>Source Files\UI</Filter>
    </ClCompile>
    <ClCompile Include="UI\MFCComboBoxToolBarStyle.cpp">
      <Filter>Source Files\UI</Filter>
    </ClCompile>
    <ClCompile Include="UI\MFCFormView.cpp">
      <Filter>Source Files\UI</Filter>
    </ClCompile>
    <ClCompile Include="UI\MFCStatic.cpp">
      <Filter>Source Files\UI</Filter>
    </ClCompile>
    <ClCompile Include="UI\C3DView.cpp">
      <Filter>Source Files\UI</Filter>
    </ClCompile>
    <ClCompile Include="UI\DockableFrame.cpp">
      <Filter>Source Files\UI</Filter>
    </ClCompile>
    <ClCompile Include="UI\DockableChildFrm.cpp">
      <Filter>Source Files\UI</Filter>
    </ClCompile>
    <ClCompile Include="UI\ShaderPropertiesCtrl.cpp">
      <Filter>Source Files\UI</Filter>
    </ClCompile>
    <ClCompile Include="UI\CodeView.cpp">
      <Filter>Source Files\UI</Filter>
    </ClCompile>
    <ClCompile Include="UI\CodeDoc.cpp">
      <Filter>Source Files\UI</Filter>
    </ClCompile>
    <ClCompile Include="UI\LexerCtrl.cpp">
      <Filter>Source Files\UI</Filter>
    </ClCompile>
    <ClCompile Include="UI\SyntaxColorPickerDlg.cpp">
      <Filter>Source Files\UI</Filter>
    </ClCompile>
    <ClCompile Include="UI\FontStyleDlg.cpp">
      <Filter>Source Files\UI</Filter>
    </ClCompile>
    <ClCompile Include="FileSystem.cpp">
      <Filter>Source Files</Filter>
    </ClCompile>
  </ItemGroup>
  <ItemGroup>
    <None Include="AngineEditor.reg" />
    <None Include="res\AngineEditor.rc2">
      <Filter>Resource Files</Filter>
    </None>
    <None Include="resources\shaders\solid_object.fx%3bps%3bmain%3b-DHLSL-DPSHADER.cso">
      <Filter>Resource Files\resources\shaders</Filter>
    </None>
    <None Include="resources\shaders\solid_object.fx%3bvs%3bmain%3b-DHLSL-DVSHADER.cso">
      <Filter>Resource Files\resources\shaders</Filter>
    </None>
    <None Include="SciLexer.dll">
      <Filter>Binary Files</Filter>
    </None>
  </ItemGroup>
  <ItemGroup>
    <ResourceCompile Include="AngineEditor.rc">
      <Filter>Resource Files</Filter>
    </ResourceCompile>
  </ItemGroup>
  <ItemGroup>
    <Image Include="res\file_view.ico">
      <Filter>Resource Files</Filter>
    </Image>
    <Image Include="res\file_view_hc.ico">
      <Filter>Resource Files</Filter>
    </Image>
    <Image Include="res\class_view.ico">
      <Filter>Resource Files</Filter>
    </Image>
    <Image Include="res\class_view_hc.ico">
      <Filter>Resource Files</Filter>
    </Image>
    <Image Include="res\fileview.bmp">
      <Filter>Resource Files</Filter>
    </Image>
    <Image Include="res\fileview_hc.bmp">
      <Filter>Resource Files</Filter>
    </Image>
    <Image Include="res\classview.bmp">
      <Filter>Resource Files</Filter>
    </Image>
    <Image Include="res\classview_hc.bmp">
      <Filter>Resource Files</Filter>
    </Image>
    <Image Include="res\explorer.bmp">
      <Filter>Resource Files</Filter>
    </Image>
    <Image Include="res\explorer_hc.bmp">
      <Filter>Resource Files</Filter>
    </Image>
    <Image Include="res\sort.bmp">
      <Filter>Resource Files</Filter>
    </Image>
    <Image Include="res\sort_hc.bmp">
      <Filter>Resource Files</Filter>
    </Image>
    <Image Include="res\menuimages.bmp">
      <Filter>Resource Files</Filter>
    </Image>
    <Image Include="res\menuimages_hc.bmp">
      <Filter>Resource Files</Filter>
    </Image>
    <Image Include="res\output_wnd.ico">
      <Filter>Resource Files</Filter>
    </Image>
    <Image Include="res\output_wnd_hc.ico">
      <Filter>Resource Files</Filter>
    </Image>
    <Image Include="res\properties_wnd.ico">
      <Filter>Resource Files</Filter>
    </Image>
    <Image Include="res\properties_wnd_hc.ico">
      <Filter>Resource Files</Filter>
    </Image>
    <Image Include="res\properties.bmp">
      <Filter>Resource Files</Filter>
    </Image>
    <Image Include="res\properties_hc.bmp">
      <Filter>Resource Files</Filter>
    </Image>
    <Image Include="UserImages.bmp">
      <Filter>Resource Files</Filter>
    </Image>
    <Image Include="res\AngineEditorDoc.ico">
      <Filter>Resource Files</Filter>
    </Image>
    <Image Include="res\AngineEditor.ico">
      <Filter>Resource Files</Filter>
    </Image>
    <Image Include="res\Toolbar.bmp">
      <Filter>Resource Files</Filter>
    </Image>
    <Image Include="res\Toolbar256.bmp">
      <Filter>Resource Files</Filter>
    </Image>
    <Image Include="res\properti.bmp">
      <Filter>Resource Files</Filter>
    </Image>
    <Image Include="res\effectview_toolbar.bmp">
      <Filter>Resource Files</Filter>
    </Image>
    <Image Include="res\effectview_toolbar_hc.bmp">
      <Filter>Resource Files</Filter>
    </Image>
    <Image Include="res\add_button_icon.bmp">
      <Filter>Resource Files</Filter>
    </Image>
    <Image Include="res\sub_button_icon.bmp">
      <Filter>Resource Files</Filter>
    </Image>
    <Image Include="res\add_sub_button_icon.bmp">
      <Filter>Resource Files</Filter>
    </Image>
    <Image Include="res\down_button_icon.bmp">
      <Filter>Resource Files</Filter>
    </Image>
    <Image Include="res\up_button_icon.bmp">
      <Filter>Resource Files</Filter>
    </Image>
    <Image Include="res\mod_button_icon.bmp">
      <Filter>Resource Files</Filter>
    </Image>
  </ItemGroup>
  <ItemGroup>
    <Xml Include="resources\effect.xml">
      <Filter>Resource Files\resources</Filter>
    </Xml>
    <Xml Include="resources\resource_manager.xml">
      <Filter>Resource Files\resources</Filter>
    </Xml>
    <Xml Include="resources\engine.xml">
      <Filter>Resource Files\resources</Filter>
    </Xml>
  </ItemGroup>
</Project>