<?xml version="1.0" encoding="utf-8"?>
<Project ToolsVersion="4.0" xmlns="http://schemas.microsoft.com/developer/msbuild/2003">
  <ItemGroup>
    <Filter Include="header files">
      <UniqueIdentifier>{93995380-89BD-4b04-88EB-625FBE52EBFB}</UniqueIdentifier>
      <Extensions>h;hh;hpp;hxx;hm;inl;inc;ipp;xsd</Extensions>
    </Filter>
    <Filter Include="source files">
      <UniqueIdentifier>{4FC737F1-C7A5-4376-A066-2A32D752A2FF}</UniqueIdentifier>
      <Extensions>cpp;c;cc;cxx;def;odl;idl;hpj;bat;asm;asmx</Extensions>
    </Filter>
  </ItemGroup>
  <ItemGroup>
    <ClCompile Include="pch.cpp" />
    <ClCompile Include="main.cpp" />
    <ClCompile Include="test.cpp">
      <Filter>source files</Filter>
    </ClCompile>
    <ClCompile Include="camera.cpp">
      <Filter>source files</Filter>
    </ClCompile>
    <ClCompile Include="object3D.cpp">
      <Filter>source files</Filter>
    </ClCompile>
    <ClCompile Include="context.cpp">
      <Filter>source files</Filter>
    </ClCompile>
    <ClCompile Include="mesh.cpp">
      <Filter>source files</Filter>
    </ClCompile>
    <ClCompile Include="shaders.cpp">
      <Filter>source files</Filter>
    </ClCompile>
  </ItemGroup>
  <ItemGroup>
    <ClInclude Include="pch.h" />
    <ClInclude Include="test.h">
      <Filter>header files</Filter>
    </ClInclude>
    <ClInclude Include="shaders.h">
      <Filter>header files</Filter>
    </ClInclude>
    <ClInclude Include="context.h">
      <Filter>header files</Filter>
    </ClInclude>
    <ClInclude Include="mesh.h">
      <Filter>header files</Filter>
    </ClInclude>
    <ClInclude Include="texture.h">
      <Filter>header files</Filter>
    </ClInclude>
  </ItemGroup>
</Project>