<?xml version="1.0" encoding="utf-8"?>
<Project ToolsVersion="4.0" xmlns="http://schemas.microsoft.com/developer/msbuild/2003">
  <ItemGroup>
    <Filter Include="header files">
      <UniqueIdentifier>{93995380-89BD-4b04-88EB-625FBE52EBFB}</UniqueIdentifier>
      <Extensions>h;hh;hpp;hxx;hm;inl;inc;ipp;xsd</Extensions>
    </Filter>
    <Filter Include="resource files">
      <UniqueIdentifier>{67DA6AB6-F800-4c08-8B7A-83BB121AAD01}</UniqueIdentifier>
      <Extensions>rc;ico;cur;bmp;dlg;rc2;rct;bin;rgs;gif;jpg;jpeg;jpe;resx;tiff;tif;png;wav;mfcribbon-ms</Extensions>
    </Filter>
    <Filter Include="source files">
      <UniqueIdentifier>{4FC737F1-C7A5-4376-A066-2A32D752A2FF}</UniqueIdentifier>
      <Extensions>cpp;c;cc;cxx;def;odl;idl;hpj;bat;asm;asmx</Extensions>
    </Filter>
    <Filter Include="resource files\shaders">
      <UniqueIdentifier>{1f77632e-b3f1-463d-b149-6b675bf2c812}</UniqueIdentifier>
    </Filter>
    <Filter Include="resource files\models">
      <UniqueIdentifier>{0f7fbb5f-7220-471c-bfc0-2ff6e846341b}</UniqueIdentifier>
    </Filter>
  </ItemGroup>
  <ItemGroup>
    <ClCompile Include="pch.cpp" />
    <ClCompile Include="main.cpp" />
    <ClCompile Include="puyo.cpp">
      <Filter>source files</Filter>
    </ClCompile>
  </ItemGroup>
  <ItemGroup>
    <Xml Include="resources\character_fx_library.xml">
      <Filter>resource files</Filter>
    </Xml>
    <Xml Include="resources\fx_library.xml">
      <Filter>resource files</Filter>
    </Xml>
    <Xml Include="resources\texture_apex.xml">
      <Filter>resource files</Filter>
    </Xml>
    <Xml Include="resources\puyo.xml">
      <Filter>resource files</Filter>
    </Xml>
    <Xml Include="resources\states\state_manager.xml">
      <Filter>resource files</Filter>
    </Xml>
    <Xml Include="resources\models\cube.xml">
      <Filter>resource files\models</Filter>
    </Xml>
    <Xml Include="resources\models\cube2.xml">
      <Filter>resource files\models</Filter>
    </Xml>
    <Xml Include="resources\models\skybox.xml">
      <Filter>resource files\models</Filter>
    </Xml>
    <Xml Include="resources\models\woman.xml">
      <Filter>resource files\models</Filter>
    </Xml>
  </ItemGroup>
  <ItemGroup>
    <ClInclude Include="pch.h" />
    <ClInclude Include="puyo.h">
      <Filter>header files</Filter>
    </ClInclude>
  </ItemGroup>
  <ItemGroup>
    <None Include="resources\shaders\sky_box.hlsl">
      <Filter>resource files\shaders</Filter>
    </None>
    <None Include="resources\shaders\postfx_gray_scale.hlsl">
      <Filter>resource files\shaders</Filter>
    </None>
    <None Include="resources\shaders\character2.hlsl">
      <Filter>resource files\shaders</Filter>
    </None>
    <None Include="resources\shaders\character.hlsl">
      <Filter>resource files\shaders</Filter>
    </None>
    <None Include="resources\shaders\basic_shader.hlsl">
      <Filter>resource files\shaders</Filter>
    </None>
  </ItemGroup>
</Project>