<?xml version="1.0" encoding="utf-8"?>
<Project ToolsVersion="4.0" xmlns="http://schemas.microsoft.com/developer/msbuild/2003">
  <ItemGroup>
    <ClInclude Include="..\..\..\include\angsys\ang\platform\angwin\angwin.h">
      <Filter>header files\ang\platform\angwin</Filter>
    </ClInclude>
    <ClInclude Include="..\..\..\include\angsys\ang\platform\angwin\gdi.h">
      <Filter>header files\ang\platform\angwin</Filter>
    </ClInclude>
    <ClInclude Include="..\..\..\include\angsys\ang\platform\angwin\win_events.h">
      <Filter>header files\ang\platform\angwin</Filter>
    </ClInclude>
    <ClInclude Include="pch.h" />
    <ClInclude Include="targetver.h" />
    <ClInclude Include="include\async_msg_task.h">
      <Filter>header files\include</Filter>
    </ClInclude>
  </ItemGroup>
  <ItemGroup>
    <ClCompile Include="dllmain.cpp" />
    <ClCompile Include="pch.cpp" />
    <ClCompile Include="source\angwin.cpp">
      <Filter>source files</Filter>
    </ClCompile>
    <ClCompile Include="source\app.cpp">
      <Filter>source files</Filter>
    </ClCompile>
    <ClCompile Include="source\async_msg_task.cpp">
      <Filter>source files</Filter>
    </ClCompile>
    <ClCompile Include="source\process.cpp">
      <Filter>source files</Filter>
    </ClCompile>
    <ClCompile Include="source\system_info.cpp">
      <Filter>source files</Filter>
    </ClCompile>
    <ClCompile Include="source\win_events.cpp">
      <Filter>source files</Filter>
    </ClCompile>
    <ClCompile Include="source\window.cpp">
      <Filter>source files</Filter>
    </ClCompile>
    <ClCompile Include="source\wingdi.cpp">
      <Filter>source files</Filter>
    </ClCompile>
  </ItemGroup>
  <ItemGroup>
    <Filter Include="header files">
      <UniqueIdentifier>{7701b2c6-118a-4b92-90fe-dba2c5c6e92c}</UniqueIdentifier>
    </Filter>
    <Filter Include="header files\ang">
      <UniqueIdentifier>{655019bc-1f0a-428d-a148-06f8c9e58ffd}</UniqueIdentifier>
    </Filter>
    <Filter Include="header files\ang\platform">
      <UniqueIdentifier>{e8c17320-7f49-44b9-b7df-86c48fd58d6c}</UniqueIdentifier>
    </Filter>
    <Filter Include="header files\ang\platform\angwin">
      <UniqueIdentifier>{7a308f58-7dcd-4b36-a92a-ca840ed73f5a}</UniqueIdentifier>
    </Filter>
    <Filter Include="source files">
      <UniqueIdentifier>{3a34bd0e-ae9f-4900-93bd-8e2cbecfc18d}</UniqueIdentifier>
    </Filter>
    <Filter Include="header files\include">
      <UniqueIdentifier>{c9ccfbfc-29ff-4b24-962b-a63e31037226}</UniqueIdentifier>
    </Filter>
  </ItemGroup>
</Project>