<?xml version="1.0" encoding="utf-8"?>
<Project ToolsVersion="4.0" xmlns="http://schemas.microsoft.com/developer/msbuild/2003">
  <ItemGroup>
    <Filter Include="header files">
      <UniqueIdentifier>{24bb1f36-faa7-489f-8bbf-4a701d354ca5}</UniqueIdentifier>
    </Filter>
    <Filter Include="source files">
      <UniqueIdentifier>{0a8b2d1b-0260-4711-a328-bbed7ff591c1}</UniqueIdentifier>
    </Filter>
    <Filter Include="header files\ang">
      <UniqueIdentifier>{deee6ace-0aaa-4c77-aec6-c1abeb90affe}</UniqueIdentifier>
    </Filter>
    <Filter Include="header files\include">
      <UniqueIdentifier>{63c3a754-78b2-4dc6-ab0c-3361682113fd}</UniqueIdentifier>
    </Filter>
    <Filter Include="header files\ang\graphics">
      <UniqueIdentifier>{2c8f646b-7b89-4156-a1ed-3dc4bab84065}</UniqueIdentifier>
    </Filter>
    <Filter Include="header files\include\d3d11">
      <UniqueIdentifier>{557f64d4-ea98-4dad-a476-845f09587771}</UniqueIdentifier>
    </Filter>
    <Filter Include="source files\d3d11">
      <UniqueIdentifier>{c19b5a5d-a5f6-4b2c-80db-58dbacf788b2}</UniqueIdentifier>
    </Filter>
    <Filter Include="header files\include\d3d11\drawing">
      <UniqueIdentifier>{ba4052cb-4e77-444b-80ba-56501c7fb31d}</UniqueIdentifier>
    </Filter>
    <Filter Include="utils">
      <UniqueIdentifier>{cbedc915-da60-4da8-9b57-38a249d45cc7}</UniqueIdentifier>
    </Filter>
    <Filter Include="source files\d3d11\drawing">
      <UniqueIdentifier>{45c3f46d-c451-4254-8713-fcd2dcf65ae0}</UniqueIdentifier>
    </Filter>
  </ItemGroup>
  <ItemGroup>
    <ClInclude Include="$(MSBuildThisFileDirectory)..\..\..\include\angsys\ang\graphics\graphics.h">
      <Filter>header files\ang\graphics</Filter>
    </ClInclude>
    <ClInclude Include="$(MSBuildThisFileDirectory)..\..\..\include\angsys\ang\graphics\reflect.h">
      <Filter>header files\ang\graphics</Filter>
    </ClInclude>
    <ClInclude Include="$(MSBuildThisFileDirectory)..\..\..\include\angsys\ang\graphics\buffers.h">
      <Filter>header files\ang\graphics</Filter>
    </ClInclude>
    <ClInclude Include="$(MSBuildThisFileDirectory)include\compile_config.h">
      <Filter>header files\include</Filter>
    </ClInclude>
    <ClInclude Include="$(MSBuildThisFileDirectory)..\..\..\include\angsys\ang\graphics\drawing.h">
      <Filter>header files\ang\graphics</Filter>
    </ClInclude>
    <ClInclude Include="$(MSBuildThisFileDirectory)..\..\..\include\angsys\ang\graphics\textures.h">
      <Filter>header files\ang\graphics</Filter>
    </ClInclude>
    <ClInclude Include="$(MSBuildThisFileDirectory)..\..\..\include\angsys\ang\graphics\scenes.h">
      <Filter>header files\ang\graphics</Filter>
    </ClInclude>
    <ClInclude Include="$(MSBuildThisFileDirectory)include\d3d11\drawing\d3d11_drawer.h">
      <Filter>header files\include\d3d11\drawing</Filter>
    </ClInclude>
    <ClInclude Include="$(MSBuildThisFileDirectory)include\d3d11\d3d11_buffers.h">
      <Filter>header files\include\d3d11</Filter>
    </ClInclude>
    <ClInclude Include="$(MSBuildThisFileDirectory)include\d3d11\d3d11_driver.h">
      <Filter>header files\include\d3d11</Filter>
    </ClInclude>
    <ClInclude Include="$(MSBuildThisFileDirectory)include\d3d11\d3d11_shaders.h">
      <Filter>header files\include\d3d11</Filter>
    </ClInclude>
    <ClInclude Include="$(MSBuildThisFileDirectory)include\d3d11\d3d11_textures.h">
      <Filter>header files\include\d3d11</Filter>
    </ClInclude>
    <ClInclude Include="$(MSBuildThisFileDirectory)..\..\..\include\angsys\ang\graphics\shaders.h">
      <Filter>header files\ang\graphics</Filter>
    </ClInclude>
    <ClInclude Include="$(MSBuildThisFileDirectory)..\..\..\include\angsys\ang\graphics\resources.h">
      <Filter>header files\ang\graphics</Filter>
    </ClInclude>
  </ItemGroup>
  <ItemGroup>
    <ClCompile Include="$(MSBuildThisFileDirectory)source\graphics.cpp">
      <Filter>source files</Filter>
    </ClCompile>
    <ClCompile Include="$(MSBuildThisFileDirectory)source\buffers.cpp">
      <Filter>source files</Filter>
    </ClCompile>
    <ClCompile Include="$(MSBuildThisFileDirectory)source\reflect.cpp">
      <Filter>source files</Filter>
    </ClCompile>
    <ClCompile Include="$(MSBuildThisFileDirectory)source\textures.cpp">
      <Filter>source files</Filter>
    </ClCompile>
    <ClCompile Include="$(MSBuildThisFileDirectory)source\d3d11\d3d11_buffers.cpp">
      <Filter>source files\d3d11</Filter>
    </ClCompile>
    <ClCompile Include="$(MSBuildThisFileDirectory)source\d3d11\d3d11_driver.cpp">
      <Filter>source files\d3d11</Filter>
    </ClCompile>
    <ClCompile Include="$(MSBuildThisFileDirectory)source\d3d11\d3d11_frame_buffer.cpp">
      <Filter>source files\d3d11</Filter>
    </ClCompile>
    <ClCompile Include="$(MSBuildThisFileDirectory)source\d3d11\d3d11_surface.cpp">
      <Filter>source files\d3d11</Filter>
    </ClCompile>
    <ClCompile Include="$(MSBuildThisFileDirectory)source\d3d11\d3d11_texture.cpp">
      <Filter>source files\d3d11</Filter>
    </ClCompile>
    <ClCompile Include="$(MSBuildThisFileDirectory)source\d3d11\d3d11_texture_loader.cpp">
      <Filter>source files\d3d11</Filter>
    </ClCompile>
    <ClCompile Include="$(MSBuildThisFileDirectory)source\varying.cpp">
      <Filter>source files</Filter>
    </ClCompile>
    <ClCompile Include="$(MSBuildThisFileDirectory)source\d3d11\d3d11_holographic_frame.cpp">
      <Filter>source files\d3d11</Filter>
    </ClCompile>
    <ClCompile Include="$(MSBuildThisFileDirectory)source\d3d11\d3d11_holographic_camera.cpp">
      <Filter>source files\d3d11</Filter>
    </ClCompile>
    <ClCompile Include="$(MSBuildThisFileDirectory)source\d3d11\d3d11_holographic_driver.cpp">
      <Filter>source files\d3d11</Filter>
    </ClCompile>
    <ClCompile Include="$(MSBuildThisFileDirectory)source\d3d11\drawing\d3d11_drawer.cpp">
      <Filter>source files\d3d11\drawing</Filter>
    </ClCompile>
    <ClCompile Include="$(MSBuildThisFileDirectory)source\d3d11\drawing\d3d11_brush.cpp">
      <Filter>source files\d3d11\drawing</Filter>
    </ClCompile>
    <ClCompile Include="$(MSBuildThisFileDirectory)source\d3d11\d3d11_shaders.cpp">
      <Filter>source files\d3d11</Filter>
    </ClCompile>
  </ItemGroup>
  <ItemGroup>
    <Natvis Include="$(MSBuildThisFileDirectory)utils\graphics.natvis">
      <Filter>utils</Filter>
    </Natvis>
  </ItemGroup>
</Project>