<?xml version="1.0" encoding="utf-8"?>
<Project ToolsVersion="4.0" xmlns="http://schemas.microsoft.com/developer/msbuild/2003">
  <ItemGroup>
    <ClInclude Include="pch.h" />
    <ClInclude Include="targetver.h" />
    <ClInclude Include="include\dispatcher.h">
      <Filter>header files\include</Filter>
    </ClInclude>
    <ClInclude Include="..\..\..\include\angsys\ang\platform\console\console.h">
      <Filter>header files\ang\platform\console</Filter>
    </ClInclude>
    <ClInclude Include="..\..\..\include\angsys\ang\platform\win32\events.h">
      <Filter>header files\ang\platform\windows</Filter>
    </ClInclude>
    <ClInclude Include="..\..\..\include\angsys\ang\platform\win32\gdi.h">
      <Filter>header files\ang\platform\windows</Filter>
    </ClInclude>
    <ClInclude Include="..\..\..\include\angsys\ang\platform\win32\windows.h">
      <Filter>header files\ang\platform\windows</Filter>
    </ClInclude>
    <ClInclude Include="include\event_args.h">
      <Filter>header files\include</Filter>
    </ClInclude>
    <ClInclude Include="..\..\..\include\angsys\ang\platform\win32\controller.h">
      <Filter>header files\ang\platform\windows</Filter>
    </ClInclude>
  </ItemGroup>
  <ItemGroup>
    <ClCompile Include="dllmain.cpp" />
    <ClCompile Include="pch.cpp" />
    <ClCompile Include="source\app.cpp">
      <Filter>source files</Filter>
    </ClCompile>
    <ClCompile Include="source\process.cpp">
      <Filter>source files</Filter>
    </ClCompile>
    <ClCompile Include="source\system_info.cpp">
      <Filter>source files</Filter>
    </ClCompile>
    <ClCompile Include="source\win_events.cpp">
      <Filter>source files</Filter>
    </ClCompile>
    <ClCompile Include="source\window.cpp">
      <Filter>source files</Filter>
    </ClCompile>
    <ClCompile Include="source\wingdi.cpp">
      <Filter>source files</Filter>
    </ClCompile>
    <ClCompile Include="source\dispatcher.cpp">
      <Filter>source files</Filter>
    </ClCompile>
    <ClCompile Include="source\console\console.cpp">
      <Filter>source files\console</Filter>
    </ClCompile>
    <ClCompile Include="source\win32.cpp">
      <Filter>source files</Filter>
    </ClCompile>
    <ClCompile Include="source\input\controller.cpp">
      <Filter>source files\input</Filter>
    </ClCompile>
  </ItemGroup>
  <ItemGroup>
    <Filter Include="header files">
      <UniqueIdentifier>{7701b2c6-118a-4b92-90fe-dba2c5c6e92c}</UniqueIdentifier>
    </Filter>
    <Filter Include="header files\ang">
      <UniqueIdentifier>{655019bc-1f0a-428d-a148-06f8c9e58ffd}</UniqueIdentifier>
    </Filter>
    <Filter Include="header files\ang\platform">
      <UniqueIdentifier>{e8c17320-7f49-44b9-b7df-86c48fd58d6c}</UniqueIdentifier>
    </Filter>
    <Filter Include="source files">
      <UniqueIdentifier>{3a34bd0e-ae9f-4900-93bd-8e2cbecfc18d}</UniqueIdentifier>
    </Filter>
    <Filter Include="header files\include">
      <UniqueIdentifier>{c9ccfbfc-29ff-4b24-962b-a63e31037226}</UniqueIdentifier>
    </Filter>
    <Filter Include="header files\ang\platform\console">
      <UniqueIdentifier>{99611a56-7ec5-4009-832f-110b99a708ab}</UniqueIdentifier>
    </Filter>
    <Filter Include="source files\console">
      <UniqueIdentifier>{30407f00-a2e1-4207-a826-5e43eeb216ca}</UniqueIdentifier>
    </Filter>
    <Filter Include="header files\ang\platform\windows">
      <UniqueIdentifier>{7a308f58-7dcd-4b36-a92a-ca840ed73f5a}</UniqueIdentifier>
    </Filter>
    <Filter Include="source files\input">
      <UniqueIdentifier>{52ac6a95-d84a-4d38-923e-1b7ca1f16123}</UniqueIdentifier>
    </Filter>
  </ItemGroup>
</Project>