<?xml version="1.0" encoding="utf-8"?>
<Project ToolsVersion="4.0" xmlns="http://schemas.microsoft.com/developer/msbuild/2003">
  <ItemGroup>
    <Filter Include="header files">
      <UniqueIdentifier>{72ac3241-5e9f-4421-8bbf-c4e9a9cdb0c5}</UniqueIdentifier>
    </Filter>
    <Filter Include="source files">
      <UniqueIdentifier>{5f1f1e3e-5277-4d88-a674-5f91b99d5b28}</UniqueIdentifier>
    </Filter>
    <Filter Include="header files\include">
      <UniqueIdentifier>{890098c8-5178-47ee-9021-88e66d351b0b}</UniqueIdentifier>
    </Filter>
    <Filter Include="header files\ang">
      <UniqueIdentifier>{6edd5292-5762-4691-b81e-c4155691e0e9}</UniqueIdentifier>
    </Filter>
    <Filter Include="header files\ang\graphics">
      <UniqueIdentifier>{27837a58-8bae-4da2-8b27-7a42543b3f87}</UniqueIdentifier>
    </Filter>
    <Filter Include="header files\ang\media">
      <UniqueIdentifier>{77ce47fd-f5b6-4ccd-a1a6-ecbfbd572294}</UniqueIdentifier>
    </Filter>
    <Filter Include="debug info">
      <UniqueIdentifier>{06ab3994-3382-4c12-b338-da9e360c97bc}</UniqueIdentifier>
    </Filter>
    <Filter Include="header files\include\d3d11">
      <UniqueIdentifier>{4df0de67-11ce-4af6-a0a6-1abef92b8dda}</UniqueIdentifier>
    </Filter>
    <Filter Include="source files\d3d11">
      <UniqueIdentifier>{122a07e8-8bb2-46c7-a38c-12ed39b58534}</UniqueIdentifier>
    </Filter>
    <Filter Include="source files\vulkan">
      <UniqueIdentifier>{ec07d75e-8899-477b-802b-ae4325335f32}</UniqueIdentifier>
    </Filter>
    <Filter Include="header files\include\vulkan">
      <UniqueIdentifier>{e4aa9f22-2807-44cd-bad8-7c537e77065e}</UniqueIdentifier>
    </Filter>
  </ItemGroup>
  <ItemGroup>
    <ClInclude Include="$(MSBuildThisFileDirectory)include\compile_config.h">
      <Filter>header files\include</Filter>
    </ClInclude>
    <ClInclude Include="$(MSBuildThisFileDirectory)..\..\..\include\angsys\ang\graphics\angraph.h">
      <Filter>header files\ang\graphics</Filter>
    </ClInclude>
    <ClInclude Include="$(MSBuildThisFileDirectory)..\..\..\include\angsys\ang\graphics\reflect.h">
      <Filter>header files\ang\graphics</Filter>
    </ClInclude>
    <ClInclude Include="$(MSBuildThisFileDirectory)include\ang_inlines.h">
      <Filter>header files\include</Filter>
    </ClInclude>
    <ClInclude Include="$(MSBuildThisFileDirectory)include\vector_specialization.hpp">
      <Filter>header files\include</Filter>
    </ClInclude>
    <ClInclude Include="$(MSBuildThisFileDirectory)..\..\..\include\angsys\ang\media\media.h">
      <Filter>header files\ang\media</Filter>
    </ClInclude>
    <ClInclude Include="$(MSBuildThisFileDirectory)..\..\..\include\angsys\ang\graphics\effects.h">
      <Filter>header files\ang\graphics</Filter>
    </ClInclude>
    <ClInclude Include="$(MSBuildThisFileDirectory)..\..\..\include\angsys\ang\graphics\textures.h">
      <Filter>header files\ang\graphics</Filter>
    </ClInclude>
    <ClInclude Include="$(MSBuildThisFileDirectory)..\..\..\include\angsys\ang\graphics\buffers.h">
      <Filter>header files\ang\graphics</Filter>
    </ClInclude>
    <ClInclude Include="$(MSBuildThisFileDirectory)include\d3d11\buffers.h">
      <Filter>header files\include\d3d11</Filter>
    </ClInclude>
    <ClInclude Include="$(MSBuildThisFileDirectory)include\d3d11\driver.h">
      <Filter>header files\include\d3d11</Filter>
    </ClInclude>
    <ClInclude Include="$(MSBuildThisFileDirectory)include\d3d11\shaders.h">
      <Filter>header files\include\d3d11</Filter>
    </ClInclude>
    <ClInclude Include="$(MSBuildThisFileDirectory)include\d3d11\textures.h">
      <Filter>header files\include\d3d11</Filter>
    </ClInclude>
    <ClInclude Include="$(MSBuildThisFileDirectory)include\vulkan\VulkanSDK.h">
      <Filter>header files\include\vulkan</Filter>
    </ClInclude>
    <ClInclude Include="$(MSBuildThisFileDirectory)include\vulkan\driver.h">
      <Filter>header files\include\vulkan</Filter>
    </ClInclude>
  </ItemGroup>
  <ItemGroup>
    <ClCompile Include="$(MSBuildThisFileDirectory)source\angraph.cpp">
      <Filter>source files</Filter>
    </ClCompile>
    <ClCompile Include="$(MSBuildThisFileDirectory)source\reflect.cpp">
      <Filter>source files</Filter>
    </ClCompile>
    <ClCompile Include="$(MSBuildThisFileDirectory)source\variable.cpp">
      <Filter>source files</Filter>
    </ClCompile>
    <ClCompile Include="$(MSBuildThisFileDirectory)source\textures.cpp">
      <Filter>source files</Filter>
    </ClCompile>
    <ClCompile Include="$(MSBuildThisFileDirectory)source\buffers.cpp">
      <Filter>source files</Filter>
    </ClCompile>
    <ClCompile Include="$(MSBuildThisFileDirectory)source\d3d11\d3d11_buffers.cpp">
      <Filter>source files\d3d11</Filter>
    </ClCompile>
    <ClCompile Include="$(MSBuildThisFileDirectory)source\d3d11\d3d11_driver.cpp">
      <Filter>source files\d3d11</Filter>
    </ClCompile>
    <ClCompile Include="$(MSBuildThisFileDirectory)source\d3d11\d3d11_frame_buffer.cpp">
      <Filter>source files\d3d11</Filter>
    </ClCompile>
    <ClCompile Include="$(MSBuildThisFileDirectory)source\d3d11\d3d11_shaders.cpp">
      <Filter>source files\d3d11</Filter>
    </ClCompile>
    <ClCompile Include="$(MSBuildThisFileDirectory)source\d3d11\d3d11_surface.cpp">
      <Filter>source files\d3d11</Filter>
    </ClCompile>
    <ClCompile Include="$(MSBuildThisFileDirectory)source\d3d11\d3d11_texture.cpp">
      <Filter>source files\d3d11</Filter>
    </ClCompile>
    <ClCompile Include="$(MSBuildThisFileDirectory)source\d3d11\d3d11_texture_loader.cpp">
      <Filter>source files\d3d11</Filter>
    </ClCompile>
    <ClCompile Include="$(MSBuildThisFileDirectory)source\vulkan\VulkanSDK.cpp">
      <Filter>source files\vulkan</Filter>
    </ClCompile>
    <ClCompile Include="$(MSBuildThisFileDirectory)source\vulkan\vulkan_driver.cpp">
      <Filter>source files\vulkan</Filter>
    </ClCompile>
    <ClCompile Include="$(MSBuildThisFileDirectory)source\vulkan\vulkan_surface.cpp">
      <Filter>source files\vulkan</Filter>
    </ClCompile>
  </ItemGroup>
  <ItemGroup>
    <Natvis Include="$(MSBuildThisFileDirectory)angraph.natvis">
      <Filter>debug info</Filter>
    </Natvis>
  </ItemGroup>
  <ItemGroup>
    <None Include="$(MSBuildThisFileDirectory)include\vulkan\VulkanSDK.inl">
      <Filter>header files\include\vulkan</Filter>
    </None>
  </ItemGroup>
</Project>