<?xml version="1.0" encoding="utf-8"?>
<Project ToolsVersion="4.0" xmlns="http://schemas.microsoft.com/developer/msbuild/2003">
  <ItemGroup>
    <Filter Include="res">
      <UniqueIdentifier>{67DA6AB6-F800-4c08-8B7A-83BB121AAD01}</UniqueIdentifier>
      <Extensions>rc;ico;cur;bmp;dlg;rc2;rct;bin;rgs;gif;jpg;jpeg;jpe;resx;tiff;tif;png;wav;mfcribbon-ms</Extensions>
    </Filter>
    <Filter Include="res\shaders">
      <UniqueIdentifier>{170f202f-04cb-4cb5-8e6b-b6d3adcce38c}</UniqueIdentifier>
    </Filter>
    <Filter Include="res\models">
      <UniqueIdentifier>{8e952edf-522f-4e4c-80bc-df7a97cb1381}</UniqueIdentifier>
    </Filter>
    <Filter Include="res\scenes">
      <UniqueIdentifier>{e4cbf078-0967-4e3a-b5b5-df531987fa62}</UniqueIdentifier>
    </Filter>
  </ItemGroup>
  <ItemGroup>
    <ClCompile Include="pch.cpp" />
    <ClCompile Include="main.cpp" />
  </ItemGroup>
  <ItemGroup>
    <ClInclude Include="pch.h" />
  </ItemGroup>
  <ItemGroup>
    <Xml Include="res\fx_library.xml">
      <Filter>res</Filter>
    </Xml>
    <Xml Include="res\texture_apex.xml">
      <Filter>res</Filter>
    </Xml>
    <Xml Include="res\models\cube.xml">
      <Filter>res\models</Filter>
    </Xml>
    <Xml Include="res\models\cube2.xml">
      <Filter>res\models</Filter>
    </Xml>
    <Xml Include="res\models\skybox.xml">
      <Filter>res\models</Filter>
    </Xml>
    <Xml Include="res\models\woman.xml">
      <Filter>res\models</Filter>
    </Xml>
    <Xml Include="res\scenes\scenes.xml">
      <Filter>res\scenes</Filter>
    </Xml>
    <Xml Include="res\window.xml">
      <Filter>res</Filter>
    </Xml>
  </ItemGroup>
  <ItemGroup>
    <None Include="res\shaders\postfx_gray_scale.hlsl">
      <Filter>res\shaders</Filter>
    </None>
    <None Include="res\shaders\sky_box.hlsl" />
    <None Include="res\shaders\basic_shader.hlsl">
      <Filter>res\shaders</Filter>
    </None>
    <None Include="res\shaders\character2.hlsl">
      <Filter>res\shaders</Filter>
    </None>
    <None Include="res\shaders\character.hlsl">
      <Filter>res\shaders</Filter>
    </None>
  </ItemGroup>
</Project>