<?xml version="1.0" encoding="utf-8"?>
<Project ToolsVersion="4.0" xmlns="http://schemas.microsoft.com/developer/msbuild/2003">
  <ItemGroup>
    <ClInclude Include="targetver.h" />
    <ClInclude Include="pch.h" />
    <ClInclude Include="vulkan\vk_driver.h">
      <Filter>driver\vulkan</Filter>
    </ClInclude>
  </ItemGroup>
  <ItemGroup>
    <ClCompile Include="pch.cpp" />
    <ClCompile Include="main.cpp" />
    <ClCompile Include="vulkan\vk_driver.cpp">
      <Filter>driver\vulkan</Filter>
    </ClCompile>
  </ItemGroup>
  <ItemGroup>
    <Filter Include="driver">
      <UniqueIdentifier>{42035134-a44d-49ca-ad29-2ac40010229a}</UniqueIdentifier>
    </Filter>
    <Filter Include="driver\vulkan">
      <UniqueIdentifier>{38e7df01-63b7-408f-bfdc-8432d21e692f}</UniqueIdentifier>
    </Filter>
  </ItemGroup>
</Project>