<?xml version="1.0" encoding="utf-8"?>
<Project ToolsVersion="15.0" xmlns="http://schemas.microsoft.com/developer/msbuild/2003">
  <ItemGroup>
    <Filter Include="header files">
      <UniqueIdentifier>{eaf9c8d4-d239-46be-a10f-36e4552b38cb}</UniqueIdentifier>
    </Filter>
    <Filter Include="source files">
      <UniqueIdentifier>{e63869b6-a7b2-4472-9184-e0ae2353466e}</UniqueIdentifier>
    </Filter>
    <Filter Include="header files\ang">
      <UniqueIdentifier>{9330ce29-3993-4f21-aa52-d0afc9aee8f5}</UniqueIdentifier>
    </Filter>
    <Filter Include="header files\ang\platform">
      <UniqueIdentifier>{d8cc7349-05c7-4a4e-a1bb-dedb5112b509}</UniqueIdentifier>
    </Filter>
    <Filter Include="header files\ang\platform\windows">
      <UniqueIdentifier>{2dec1b49-7d24-4c8f-a4b0-4bc113b1cbcd}</UniqueIdentifier>
    </Filter>
    <Filter Include="header files\include">
      <UniqueIdentifier>{80de148d-0700-4646-8be8-0fe4ef539fff}</UniqueIdentifier>
    </Filter>
  </ItemGroup>
  <ItemGroup>
    <ClCompile Include="dllmain.cpp" />
    <ClCompile Include="pch.cpp" />
    <ClCompile Include="source\uwp.cpp">
      <Filter>source files</Filter>
    </ClCompile>
    <ClCompile Include="source\core_app.cpp">
      <Filter>source files</Filter>
    </ClCompile>
    <ClCompile Include="source\dispatcher.cpp">
      <Filter>source files</Filter>
    </ClCompile>
    <ClCompile Include="source\core_window.cpp">
      <Filter>source files</Filter>
    </ClCompile>
  </ItemGroup>
  <ItemGroup>
    <ClInclude Include="pch.h" />
    <ClInclude Include="targetver.h" />
    <ClInclude Include="..\..\..\include\angsys\ang\platform\uwp\windows.h">
      <Filter>header files\ang\platform\windows</Filter>
    </ClInclude>
    <ClInclude Include="include\dispatcher.h">
      <Filter>header files\include</Filter>
    </ClInclude>
  </ItemGroup>
</Project>