
Microsoft Visual Studio Solution File, Format Version 12.00
# Visual Studio 14
VisualStudioVersion = 14.0.25420.1
MinimumVisualStudioVersion = 10.0.40219.1
Project("{8BC9CEB8-8B4A-11D0-8D11-00A0C91BC942}") = "AngineEditor", "AngineEditor\AngineEditor.vcxproj", "{0DE9CC7A-E727-4932-8DC1-8ED59A7B5DB3}"
	ProjectSection(ProjectDependencies) = postProject
		{FBE04237-9C7B-4973-9C60-505975998B39} = {FBE04237-9C7B-4973-9C60-505975998B39}
	EndProjectSection
EndProject
Project("{2150E333-8FDC-42A3-9474-1A3956D46DE8}") = "Libraries", "Libraries", "{3A769ED1-C815-4B0B-B193-BB8EDF0AD144}"
EndProject
Project("{2150E333-8FDC-42A3-9474-1A3956D46DE8}") = "ThirdParty", "ThirdParty", "{092FE0BD-A0AD-478B-AB25-0A7B7FE5174E}"
EndProject
Project("{8BC9CEB8-8B4A-11D0-8D11-00A0C91BC942}") = "SciLexer", "ThirdParty\scintilla\win32\SciLexer.vcxproj", "{FBE04237-9C7B-4973-9C60-505975998B39}"
EndProject
Project("{2150E333-8FDC-42A3-9474-1A3956D46DE8}") = "angsys", "angsys", "{6F686AF8-3308-43FA-B97D-9099B04D82FD}"
EndProject
Project("{8BC9CEB8-8B4A-11D0-8D11-00A0C91BC942}") = "angsys.shared", "..\source\angsys\angsys.shared\angsys.shared.vcxitems", "{4D105416-0867-47F0-8320-3F0E6B233D73}"
EndProject
Project("{8BC9CEB8-8B4A-11D0-8D11-00A0C91BC942}") = "angsys.desktop", "..\source\angsys\angsys.desktop\angsys.desktop.vcxproj", "{7B54374A-9002-4D03-8AF5-1DB4CB88D60A}"
EndProject
Project("{2150E333-8FDC-42A3-9474-1A3956D46DE8}") = "platform", "platform", "{AC6D5880-3264-4DCB-BFE0-F5D9E5B25039}"
EndProject
Project("{8BC9CEB8-8B4A-11D0-8D11-00A0C91BC942}") = "platform.shared", "..\source\platform\platform.shared\platform.shared.vcxitems", "{4FB1207C-A338-4FCE-BD5F-43C85EF1173B}"
EndProject
Project("{8BC9CEB8-8B4A-11D0-8D11-00A0C91BC942}") = "platform.desktop", "..\source\platform\platform.desktop\platform.desktop.vcxproj", "{CCD7293A-0AB3-4987-A9C9-D6202DF87DEF}"
EndProject
Project("{2150E333-8FDC-42A3-9474-1A3956D46DE8}") = "angraph", "angraph", "{2C5167CA-3EC9-4F96-AFE3-F2887F911271}"
EndProject
Project("{8BC9CEB8-8B4A-11D0-8D11-00A0C91BC942}") = "angraph.shared", "..\source\angraph\angraph.shared\angraph.shared.vcxitems", "{BDBB14FA-4E36-4404-9D51-A5F8C879C650}"
EndProject
Project("{8BC9CEB8-8B4A-11D0-8D11-00A0C91BC942}") = "angraph.desktop", "..\source\angraph\angraph.desktop\angraph.desktop.vcxproj", "{4D356A4C-688C-4E90-9EA0-872336DB7C27}"
EndProject
Global
	GlobalSection(SharedMSBuildProjectFiles) = preSolution
		..\source\angsys\angsys.shared\angsys.shared.vcxitems*{4d105416-0867-47f0-8320-3f0e6b233d73}*SharedItemsImports = 9
		..\source\angraph\angraph.shared\angraph.shared.vcxitems*{4d356a4c-688c-4e90-9ea0-872336db7c27}*SharedItemsImports = 4
		..\source\platform\platform.shared\platform.shared.vcxitems*{4fb1207c-a338-4fce-bd5f-43c85ef1173b}*SharedItemsImports = 9
		..\source\angsys\angsys.shared\angsys.shared.vcxitems*{7b54374a-9002-4d03-8af5-1db4cb88d60a}*SharedItemsImports = 4
		..\source\angraph\angraph.shared\angraph.shared.vcxitems*{bdbb14fa-4e36-4404-9d51-a5f8c879c650}*SharedItemsImports = 9
		..\source\platform\platform.shared\platform.shared.vcxitems*{ccd7293a-0ab3-4987-a9c9-d6202df87def}*SharedItemsImports = 4
	EndGlobalSection
	GlobalSection(SolutionConfigurationPlatforms) = preSolution
		Debug|Any CPU = Debug|Any CPU
		Debug|x64 = Debug|x64
		Debug|x86 = Debug|x86
		Develop|Any CPU = Develop|Any CPU
		Develop|x64 = Develop|x64
		Develop|x86 = Develop|x86
		Release|Any CPU = Release|Any CPU
		Release|x64 = Release|x64
		Release|x86 = Release|x86
	EndGlobalSection
	GlobalSection(ProjectConfigurationPlatforms) = postSolution
		{0DE9CC7A-E727-4932-8DC1-8ED59A7B5DB3}.Debug|Any CPU.ActiveCfg = Debug|Win32
		{0DE9CC7A-E727-4932-8DC1-8ED59A7B5DB3}.Debug|x64.ActiveCfg = Debug|x64
		{0DE9CC7A-E727-4932-8DC1-8ED59A7B5DB3}.Debug|x64.Build.0 = Debug|x64
		{0DE9CC7A-E727-4932-8DC1-8ED59A7B5DB3}.Debug|x86.ActiveCfg = Debug|Win32
		{0DE9CC7A-E727-4932-8DC1-8ED59A7B5DB3}.Debug|x86.Build.0 = Debug|Win32
		{0DE9CC7A-E727-4932-8DC1-8ED59A7B5DB3}.Develop|Any CPU.ActiveCfg = Release|x64
		{0DE9CC7A-E727-4932-8DC1-8ED59A7B5DB3}.Develop|Any CPU.Build.0 = Release|x64
		{0DE9CC7A-E727-4932-8DC1-8ED59A7B5DB3}.Develop|x64.ActiveCfg = Debug|x64
		{0DE9CC7A-E727-4932-8DC1-8ED59A7B5DB3}.Develop|x64.Build.0 = Debug|x64
		{0DE9CC7A-E727-4932-8DC1-8ED59A7B5DB3}.Develop|x86.ActiveCfg = Debug|Win32
		{0DE9CC7A-E727-4932-8DC1-8ED59A7B5DB3}.Develop|x86.Build.0 = Debug|Win32
		{0DE9CC7A-E727-4932-8DC1-8ED59A7B5DB3}.Release|Any CPU.ActiveCfg = Release|Win32
		{0DE9CC7A-E727-4932-8DC1-8ED59A7B5DB3}.Release|x64.ActiveCfg = Release|x64
		{0DE9CC7A-E727-4932-8DC1-8ED59A7B5DB3}.Release|x64.Build.0 = Release|x64
		{0DE9CC7A-E727-4932-8DC1-8ED59A7B5DB3}.Release|x86.ActiveCfg = Release|Win32
		{0DE9CC7A-E727-4932-8DC1-8ED59A7B5DB3}.Release|x86.Build.0 = Release|Win32
		{FBE04237-9C7B-4973-9C60-505975998B39}.Debug|Any CPU.ActiveCfg = Debug|Win32
		{FBE04237-9C7B-4973-9C60-505975998B39}.Debug|x64.ActiveCfg = Debug|x64
		{FBE04237-9C7B-4973-9C60-505975998B39}.Debug|x64.Build.0 = Debug|x64
		{FBE04237-9C7B-4973-9C60-505975998B39}.Debug|x86.ActiveCfg = Debug|Win32
		{FBE04237-9C7B-4973-9C60-505975998B39}.Debug|x86.Build.0 = Debug|Win32
		{FBE04237-9C7B-4973-9C60-505975998B39}.Develop|Any CPU.ActiveCfg = Release|x64
		{FBE04237-9C7B-4973-9C60-505975998B39}.Develop|Any CPU.Build.0 = Release|x64
		{FBE04237-9C7B-4973-9C60-505975998B39}.Develop|x64.ActiveCfg = Debug|x64
		{FBE04237-9C7B-4973-9C60-505975998B39}.Develop|x64.Build.0 = Debug|x64
		{FBE04237-9C7B-4973-9C60-505975998B39}.Develop|x86.ActiveCfg = Debug|Win32
		{FBE04237-9C7B-4973-9C60-505975998B39}.Develop|x86.Build.0 = Debug|Win32
		{FBE04237-9C7B-4973-9C60-505975998B39}.Release|Any CPU.ActiveCfg = Release|Win32
		{FBE04237-9C7B-4973-9C60-505975998B39}.Release|x64.ActiveCfg = Release|x64
		{FBE04237-9C7B-4973-9C60-505975998B39}.Release|x64.Build.0 = Release|x64
		{FBE04237-9C7B-4973-9C60-505975998B39}.Release|x86.ActiveCfg = Release|Win32
		{FBE04237-9C7B-4973-9C60-505975998B39}.Release|x86.Build.0 = Release|Win32
		{7B54374A-9002-4D03-8AF5-1DB4CB88D60A}.Debug|Any CPU.ActiveCfg = Debug|Win32
		{7B54374A-9002-4D03-8AF5-1DB4CB88D60A}.Debug|x64.ActiveCfg = Debug|x64
		{7B54374A-9002-4D03-8AF5-1DB4CB88D60A}.Debug|x64.Build.0 = Debug|x64
		{7B54374A-9002-4D03-8AF5-1DB4CB88D60A}.Debug|x86.ActiveCfg = Debug|Win32
		{7B54374A-9002-4D03-8AF5-1DB4CB88D60A}.Debug|x86.Build.0 = Debug|Win32
		{7B54374A-9002-4D03-8AF5-1DB4CB88D60A}.Develop|Any CPU.ActiveCfg = Develop|Win32
		{7B54374A-9002-4D03-8AF5-1DB4CB88D60A}.Develop|x64.ActiveCfg = Develop|x64
		{7B54374A-9002-4D03-8AF5-1DB4CB88D60A}.Develop|x64.Build.0 = Develop|x64
		{7B54374A-9002-4D03-8AF5-1DB4CB88D60A}.Develop|x86.ActiveCfg = Develop|Win32
		{7B54374A-9002-4D03-8AF5-1DB4CB88D60A}.Develop|x86.Build.0 = Develop|Win32
		{7B54374A-9002-4D03-8AF5-1DB4CB88D60A}.Release|Any CPU.ActiveCfg = Release|Win32
		{7B54374A-9002-4D03-8AF5-1DB4CB88D60A}.Release|x64.ActiveCfg = Release|x64
		{7B54374A-9002-4D03-8AF5-1DB4CB88D60A}.Release|x64.Build.0 = Release|x64
		{7B54374A-9002-4D03-8AF5-1DB4CB88D60A}.Release|x86.ActiveCfg = Release|Win32
		{7B54374A-9002-4D03-8AF5-1DB4CB88D60A}.Release|x86.Build.0 = Release|Win32
		{CCD7293A-0AB3-4987-A9C9-D6202DF87DEF}.Debug|Any CPU.ActiveCfg = Debug|Win32
		{CCD7293A-0AB3-4987-A9C9-D6202DF87DEF}.Debug|x64.ActiveCfg = Debug|x64
		{CCD7293A-0AB3-4987-A9C9-D6202DF87DEF}.Debug|x64.Build.0 = Debug|x64
		{CCD7293A-0AB3-4987-A9C9-D6202DF87DEF}.Debug|x86.ActiveCfg = Debug|Win32
		{CCD7293A-0AB3-4987-A9C9-D6202DF87DEF}.Debug|x86.Build.0 = Debug|Win32
		{CCD7293A-0AB3-4987-A9C9-D6202DF87DEF}.Develop|Any CPU.ActiveCfg = Develop|Win32
		{CCD7293A-0AB3-4987-A9C9-D6202DF87DEF}.Develop|x64.ActiveCfg = Develop|x64
		{CCD7293A-0AB3-4987-A9C9-D6202DF87DEF}.Develop|x64.Build.0 = Develop|x64
		{CCD7293A-0AB3-4987-A9C9-D6202DF87DEF}.Develop|x86.ActiveCfg = Develop|Win32
		{CCD7293A-0AB3-4987-A9C9-D6202DF87DEF}.Develop|x86.Build.0 = Develop|Win32
		{CCD7293A-0AB3-4987-A9C9-D6202DF87DEF}.Release|Any CPU.ActiveCfg = Release|Win32
		{CCD7293A-0AB3-4987-A9C9-D6202DF87DEF}.Release|x64.ActiveCfg = Release|x64
		{CCD7293A-0AB3-4987-A9C9-D6202DF87DEF}.Release|x64.Build.0 = Release|x64
		{CCD7293A-0AB3-4987-A9C9-D6202DF87DEF}.Release|x86.ActiveCfg = Release|Win32
		{CCD7293A-0AB3-4987-A9C9-D6202DF87DEF}.Release|x86.Build.0 = Release|Win32
		{4D356A4C-688C-4E90-9EA0-872336DB7C27}.Debug|Any CPU.ActiveCfg = Debug|Win32
		{4D356A4C-688C-4E90-9EA0-872336DB7C27}.Debug|x64.ActiveCfg = Debug|x64
		{4D356A4C-688C-4E90-9EA0-872336DB7C27}.Debug|x64.Build.0 = Debug|x64
		{4D356A4C-688C-4E90-9EA0-872336DB7C27}.Debug|x86.ActiveCfg = Debug|Win32
		{4D356A4C-688C-4E90-9EA0-872336DB7C27}.Debug|x86.Build.0 = Debug|Win32
		{4D356A4C-688C-4E90-9EA0-872336DB7C27}.Develop|Any CPU.ActiveCfg = Develop|Win32
		{4D356A4C-688C-4E90-9EA0-872336DB7C27}.Develop|x64.ActiveCfg = Develop|x64
		{4D356A4C-688C-4E90-9EA0-872336DB7C27}.Develop|x64.Build.0 = Develop|x64
		{4D356A4C-688C-4E90-9EA0-872336DB7C27}.Develop|x86.ActiveCfg = Develop|Win32
		{4D356A4C-688C-4E90-9EA0-872336DB7C27}.Develop|x86.Build.0 = Develop|Win32
		{4D356A4C-688C-4E90-9EA0-872336DB7C27}.Release|Any CPU.ActiveCfg = Release|Win32
		{4D356A4C-688C-4E90-9EA0-872336DB7C27}.Release|x64.ActiveCfg = Release|x64
		{4D356A4C-688C-4E90-9EA0-872336DB7C27}.Release|x64.Build.0 = Release|x64
		{4D356A4C-688C-4E90-9EA0-872336DB7C27}.Release|x86.ActiveCfg = Release|Win32
		{4D356A4C-688C-4E90-9EA0-872336DB7C27}.Release|x86.Build.0 = Release|Win32
	EndGlobalSection
	GlobalSection(SolutionProperties) = preSolution
		HideSolutionNode = FALSE
	EndGlobalSection
	GlobalSection(NestedProjects) = preSolution
		{092FE0BD-A0AD-478B-AB25-0A7B7FE5174E} = {3A769ED1-C815-4B0B-B193-BB8EDF0AD144}
		{FBE04237-9C7B-4973-9C60-505975998B39} = {092FE0BD-A0AD-478B-AB25-0A7B7FE5174E}
		{6F686AF8-3308-43FA-B97D-9099B04D82FD} = {3A769ED1-C815-4B0B-B193-BB8EDF0AD144}
		{4D105416-0867-47F0-8320-3F0E6B233D73} = {6F686AF8-3308-43FA-B97D-9099B04D82FD}
		{7B54374A-9002-4D03-8AF5-1DB4CB88D60A} = {6F686AF8-3308-43FA-B97D-9099B04D82FD}
		{AC6D5880-3264-4DCB-BFE0-F5D9E5B25039} = {3A769ED1-C815-4B0B-B193-BB8EDF0AD144}
		{4FB1207C-A338-4FCE-BD5F-43C85EF1173B} = {AC6D5880-3264-4DCB-BFE0-F5D9E5B25039}
		{CCD7293A-0AB3-4987-A9C9-D6202DF87DEF} = {AC6D5880-3264-4DCB-BFE0-F5D9E5B25039}
		{2C5167CA-3EC9-4F96-AFE3-F2887F911271} = {3A769ED1-C815-4B0B-B193-BB8EDF0AD144}
		{BDBB14FA-4E36-4404-9D51-A5F8C879C650} = {2C5167CA-3EC9-4F96-AFE3-F2887F911271}
		{4D356A4C-688C-4E90-9EA0-872336DB7C27} = {2C5167CA-3EC9-4F96-AFE3-F2887F911271}
	EndGlobalSection
EndGlobal
