<?xml version="1.0" encoding="utf-8"?>
<Project ToolsVersion="4.0" xmlns="http://schemas.microsoft.com/developer/msbuild/2003">
  <ItemGroup>
    <Filter Include="header">
      <UniqueIdentifier>{05985eff-6e19-49a7-a9d2-907875d962c9}</UniqueIdentifier>
      <Extensions>h;hh;hpp;hxx;hm;inl;inc;xsd</Extensions>
    </Filter>
    <Filter Include="source">
      <UniqueIdentifier>{a7988efe-de03-4069-9400-051ebec9ef68}</UniqueIdentifier>
      <Extensions>cpp;c;cc;cxx;def;odl;idl;hpj;bat;asm;asmx</Extensions>
    </Filter>
    <Filter Include="header\angsys">
      <UniqueIdentifier>{cdaa8681-c28a-4109-8167-5ff10fc521f3}</UniqueIdentifier>
    </Filter>
    <Filter Include="header\include">
      <UniqueIdentifier>{caac6e58-ab8e-4a41-87ec-57c23edc5807}</UniqueIdentifier>
    </Filter>
    <Filter Include="header\angsys\base">
      <UniqueIdentifier>{6aafc53b-d02a-494e-8c92-b5e38ff58a24}</UniqueIdentifier>
    </Filter>
    <Filter Include="header\angsys\base\inlines">
      <UniqueIdentifier>{c75c2947-1adc-4e98-bd3f-bd8c4a95a499}</UniqueIdentifier>
    </Filter>
  </ItemGroup>
  <ItemGroup>
    <ClInclude Include="$(MSBuildThisFileDirectory)..\..\..\include\angsys\ang\base\platform.h">
      <Filter>header\angsys\base</Filter>
    </ClInclude>
    <ClInclude Include="$(MSBuildThisFileDirectory)..\..\..\include\angsys\ang\base\base.h">
      <Filter>header\angsys\base</Filter>
    </ClInclude>
    <ClInclude Include="$(MSBuildThisFileDirectory)..\..\..\include\angsys\ang\base\types.h">
      <Filter>header\angsys\base</Filter>
    </ClInclude>
    <ClInclude Include="$(MSBuildThisFileDirectory)..\..\..\include\angsys\ang\base\memory.h">
      <Filter>header\angsys\base</Filter>
    </ClInclude>
    <ClInclude Include="$(MSBuildThisFileDirectory)..\..\..\include\angsys\ang\base\utils.h">
      <Filter>header\angsys\base</Filter>
    </ClInclude>
    <ClInclude Include="$(MSBuildThisFileDirectory)..\..\..\include\angsys\ang\base\defines.h">
      <Filter>header\angsys\base</Filter>
    </ClInclude>
    <ClInclude Include="$(MSBuildThisFileDirectory)..\..\..\include\angsys\ang\base\value.h">
      <Filter>header\angsys\base</Filter>
    </ClInclude>
    <ClInclude Include="$(MSBuildThisFileDirectory)..\..\..\include\angsys\ang\base\text.h">
      <Filter>header\angsys\base</Filter>
    </ClInclude>
    <ClInclude Include="$(MSBuildThisFileDirectory)..\..\..\include\angsys\ang\base\runtime.h">
      <Filter>header\angsys\base</Filter>
    </ClInclude>
    <ClInclude Include="$(MSBuildThisFileDirectory)..\..\..\include\angsys\ang\base\tuple.h">
      <Filter>header\angsys\base</Filter>
    </ClInclude>
    <ClInclude Include="$(MSBuildThisFileDirectory)..\..\..\include\angsys\ang\base\array.h">
      <Filter>header\angsys\base</Filter>
    </ClInclude>
    <ClInclude Include="$(MSBuildThisFileDirectory)..\..\..\include\angsys\ang\base\interface.h">
      <Filter>header\angsys\base</Filter>
    </ClInclude>
    <ClInclude Include="$(MSBuildThisFileDirectory)..\..\..\include\angsys\ang\system.h">
      <Filter>header\angsys</Filter>
    </ClInclude>
  </ItemGroup>
  <ItemGroup>
    <ClCompile Include="$(MSBuildThisFileDirectory)source\angsys.cpp">
      <Filter>source</Filter>
    </ClCompile>
    <ClCompile Include="$(MSBuildThisFileDirectory)source\runtime.cpp">
      <Filter>source</Filter>
    </ClCompile>
  </ItemGroup>
  <ItemGroup>
    <None Include="$(MSBuildThisFileDirectory)..\..\..\include\angsys\ang\base\inlines\APPLY_FUNCX_N.inl">
      <Filter>header\angsys\base\inlines</Filter>
    </None>
    <None Include="$(MSBuildThisFileDirectory)..\..\..\include\angsys\ang\base\inlines\text.inl">
      <Filter>header\angsys\base\inlines</Filter>
    </None>
  </ItemGroup>
</Project>