<?xml version="1.0" encoding="utf-8"?>
<Project ToolsVersion="4.0" xmlns="http://schemas.microsoft.com/developer/msbuild/2003">
  <ItemGroup>
    <Filter Include="header">
      <UniqueIdentifier>{05985eff-6e19-49a7-a9d2-907875d962c9}</UniqueIdentifier>
      <Extensions>h;hh;hpp;hxx;hm;inl;inc;xsd</Extensions>
    </Filter>
    <Filter Include="source">
      <UniqueIdentifier>{a7988efe-de03-4069-9400-051ebec9ef68}</UniqueIdentifier>
      <Extensions>cpp;c;cc;cxx;def;odl;idl;hpj;bat;asm;asmx</Extensions>
    </Filter>
    <Filter Include="header\angsys">
      <UniqueIdentifier>{cdaa8681-c28a-4109-8167-5ff10fc521f3}</UniqueIdentifier>
    </Filter>
    <Filter Include="header\include">
      <UniqueIdentifier>{caac6e58-ab8e-4a41-87ec-57c23edc5807}</UniqueIdentifier>
    </Filter>
    <Filter Include="header\angsys\base">
      <UniqueIdentifier>{6aafc53b-d02a-494e-8c92-b5e38ff58a24}</UniqueIdentifier>
    </Filter>
    <Filter Include="source\async">
      <UniqueIdentifier>{2fd281b4-ea37-46f1-9670-f8648d742836}</UniqueIdentifier>
    </Filter>
    <Filter Include="header\angsys\inline">
      <UniqueIdentifier>{5018daf5-de34-4176-b3a2-523920dc7528}</UniqueIdentifier>
    </Filter>
    <Filter Include="source\strings">
      <UniqueIdentifier>{d7719f38-7947-40dc-b39f-18c2833e6389}</UniqueIdentifier>
    </Filter>
    <Filter Include="header\include\inline">
      <UniqueIdentifier>{019f3061-2402-48bc-96bb-c627630a3dcc}</UniqueIdentifier>
    </Filter>
    <Filter Include="header\angsys\core">
      <UniqueIdentifier>{7e438f59-ea84-4f78-b509-2254ca6fb7d9}</UniqueIdentifier>
    </Filter>
    <Filter Include="header\angsys\collections">
      <UniqueIdentifier>{e82b5310-d21a-4fc2-8f70-8d0dc314ec3a}</UniqueIdentifier>
    </Filter>
    <Filter Include="header\angsys\collections\inline">
      <UniqueIdentifier>{39d0e658-8ab8-42e6-8c91-2af969eda8de}</UniqueIdentifier>
    </Filter>
    <Filter Include="header\angsys\core\inline">
      <UniqueIdentifier>{cb1fb28c-3dcc-4b3b-9b3a-520b97443c17}</UniqueIdentifier>
    </Filter>
    <Filter Include="header\angsys\base\inline">
      <UniqueIdentifier>{c75c2947-1adc-4e98-bd3f-bd8c4a95a499}</UniqueIdentifier>
    </Filter>
    <Filter Include="source\variant">
      <UniqueIdentifier>{24355a81-e9fc-4cdb-9aa0-ecc742dd3337}</UniqueIdentifier>
    </Filter>
    <Filter Include="header\angsys\maths">
      <UniqueIdentifier>{c21555f9-6854-4738-ba38-3bc034d5f404}</UniqueIdentifier>
    </Filter>
    <Filter Include="header\angsys\platform">
      <UniqueIdentifier>{36f564db-d630-415e-9e03-2ede6e111137}</UniqueIdentifier>
    </Filter>
    <Filter Include="source\platform">
      <UniqueIdentifier>{1a7b8a8c-3257-4d60-9a97-0b6996869732}</UniqueIdentifier>
    </Filter>
    <Filter Include="header\angsys\platform\inline">
      <UniqueIdentifier>{56cbd6e5-12b5-4162-b446-2426c4a6c987}</UniqueIdentifier>
    </Filter>
    <Filter Include="source\streams">
      <UniqueIdentifier>{6e30a5da-47c9-4b1a-96df-e4b42fed2c66}</UniqueIdentifier>
    </Filter>
    <Filter Include="source\files">
      <UniqueIdentifier>{7c54ee61-ea72-4539-9091-28d165d55a63}</UniqueIdentifier>
    </Filter>
    <Filter Include="header\angsys\dom">
      <UniqueIdentifier>{2e74cc79-34db-42bf-ad08-ddbf34a56d5b}</UniqueIdentifier>
    </Filter>
    <Filter Include="header\angsys\dom\xml">
      <UniqueIdentifier>{7b9508cd-b852-4e35-b300-2bc045ca23fc}</UniqueIdentifier>
    </Filter>
    <Filter Include="source\xml">
      <UniqueIdentifier>{dc296931-da9e-4b13-a6b9-d2047c748ffd}</UniqueIdentifier>
    </Filter>
    <Filter Include="header\include\xml">
      <UniqueIdentifier>{746c227f-2a91-4422-b02b-d2bdbfe52c1c}</UniqueIdentifier>
    </Filter>
    <Filter Include="header\include\xml\inline">
      <UniqueIdentifier>{e166d634-9db2-4584-b123-ea68919fe2b3}</UniqueIdentifier>
    </Filter>
    <Filter Include="utils">
      <UniqueIdentifier>{7b33a057-9338-4d9d-b3c5-4e9cfe163e8f}</UniqueIdentifier>
    </Filter>
  </ItemGroup>
  <ItemGroup>
    <ClInclude Include="$(MSBuildThisFileDirectory)..\..\..\include\angsys\ang\base\platform.h">
      <Filter>header\angsys\base</Filter>
    </ClInclude>
    <ClInclude Include="$(MSBuildThisFileDirectory)..\..\..\include\angsys\ang\base\base.h">
      <Filter>header\angsys\base</Filter>
    </ClInclude>
    <ClInclude Include="$(MSBuildThisFileDirectory)..\..\..\include\angsys\ang\base\types.h">
      <Filter>header\angsys\base</Filter>
    </ClInclude>
    <ClInclude Include="$(MSBuildThisFileDirectory)..\..\..\include\angsys\ang\base\memory.h">
      <Filter>header\angsys\base</Filter>
    </ClInclude>
    <ClInclude Include="$(MSBuildThisFileDirectory)..\..\..\include\angsys\ang\base\utils.h">
      <Filter>header\angsys\base</Filter>
    </ClInclude>
    <ClInclude Include="$(MSBuildThisFileDirectory)..\..\..\include\angsys\ang\base\defines.h">
      <Filter>header\angsys\base</Filter>
    </ClInclude>
    <ClInclude Include="$(MSBuildThisFileDirectory)..\..\..\include\angsys\ang\base\value.h">
      <Filter>header\angsys\base</Filter>
    </ClInclude>
    <ClInclude Include="$(MSBuildThisFileDirectory)..\..\..\include\angsys\ang\base\text.h">
      <Filter>header\angsys\base</Filter>
    </ClInclude>
    <ClInclude Include="$(MSBuildThisFileDirectory)..\..\..\include\angsys\ang\base\runtime.h">
      <Filter>header\angsys\base</Filter>
    </ClInclude>
    <ClInclude Include="$(MSBuildThisFileDirectory)..\..\..\include\angsys\ang\base\tuple.h">
      <Filter>header\angsys\base</Filter>
    </ClInclude>
    <ClInclude Include="$(MSBuildThisFileDirectory)..\..\..\include\angsys\ang\base\array.h">
      <Filter>header\angsys\base</Filter>
    </ClInclude>
    <ClInclude Include="$(MSBuildThisFileDirectory)..\..\..\include\angsys\ang\base\interface.h">
      <Filter>header\angsys\base</Filter>
    </ClInclude>
    <ClInclude Include="$(MSBuildThisFileDirectory)..\..\..\include\angsys\ang\base\async.h">
      <Filter>header\angsys\base</Filter>
    </ClInclude>
    <ClInclude Include="$(MSBuildThisFileDirectory)..\..\..\include\angsys\ang\smart_ptr.h">
      <Filter>header\angsys</Filter>
    </ClInclude>
    <ClInclude Include="$(MSBuildThisFileDirectory)..\..\..\include\angsys\ang\object.h">
      <Filter>header\angsys</Filter>
    </ClInclude>
    <ClInclude Include="$(MSBuildThisFileDirectory)..\..\..\include\angsys\ang\inline\intf_wrapper.hpp">
      <Filter>header\angsys\inline</Filter>
    </ClInclude>
    <ClInclude Include="$(MSBuildThisFileDirectory)..\..\..\include\angsys\ang\inline\object_wrapper.hpp">
      <Filter>header\angsys\inline</Filter>
    </ClInclude>
    <ClInclude Include="$(MSBuildThisFileDirectory)..\..\..\include\angsys\ang\buffers.h">
      <Filter>header\angsys</Filter>
    </ClInclude>
    <ClInclude Include="$(MSBuildThisFileDirectory)..\..\..\include\angsys\ang\string.h">
      <Filter>header\angsys</Filter>
    </ClInclude>
    <ClInclude Include="$(MSBuildThisFileDirectory)include\ang_memory.h">
      <Filter>header\include</Filter>
    </ClInclude>
    <ClInclude Include="$(MSBuildThisFileDirectory)include\compile_config.h">
      <Filter>header\include</Filter>
    </ClInclude>
    <ClInclude Include="$(MSBuildThisFileDirectory)include\core_hash_table.h">
      <Filter>header\include</Filter>
    </ClInclude>
    <ClInclude Include="$(MSBuildThisFileDirectory)include\encoder_interface.h">
      <Filter>header\include</Filter>
    </ClInclude>
    <ClInclude Include="$(MSBuildThisFileDirectory)include\runtime_manager.h">
      <Filter>header\include</Filter>
    </ClInclude>
    <ClInclude Include="$(MSBuildThisFileDirectory)..\..\..\include\angsys\ang\singleton.h">
      <Filter>header\angsys</Filter>
    </ClInclude>
    <ClInclude Include="$(MSBuildThisFileDirectory)..\..\..\include\angsys\ang\inline\const_string_declaration.hpp">
      <Filter>header\angsys\inline</Filter>
    </ClInclude>
    <ClInclude Include="$(MSBuildThisFileDirectory)..\..\..\include\angsys\ang\inline\string_declaration.hpp">
      <Filter>header\angsys\inline</Filter>
    </ClInclude>
    <ClInclude Include="$(MSBuildThisFileDirectory)..\..\..\include\angsys\ang\base\property.h">
      <Filter>header\angsys\base</Filter>
    </ClInclude>
    <ClInclude Include="$(MSBuildThisFileDirectory)..\..\..\include\angsys\ang\core\function.h">
      <Filter>header\angsys\core</Filter>
    </ClInclude>
    <ClInclude Include="$(MSBuildThisFileDirectory)..\..\..\include\angsys\ang\collections\iterators.h">
      <Filter>header\angsys\collections</Filter>
    </ClInclude>
    <ClInclude Include="$(MSBuildThisFileDirectory)..\..\..\include\angsys\ang\collections\array.h">
      <Filter>header\angsys\collections</Filter>
    </ClInclude>
    <ClInclude Include="$(MSBuildThisFileDirectory)..\..\..\include\angsys\ang\collections\vector.h">
      <Filter>header\angsys\collections</Filter>
    </ClInclude>
    <ClInclude Include="$(MSBuildThisFileDirectory)..\..\..\include\angsys\ang\exception.h">
      <Filter>header\angsys</Filter>
    </ClInclude>
    <ClInclude Include="$(MSBuildThisFileDirectory)..\..\..\include\angsys\angsys.h">
      <Filter>header\angsys</Filter>
    </ClInclude>
    <ClInclude Include="$(MSBuildThisFileDirectory)..\..\..\include\angsys\ang\collections.h">
      <Filter>header\angsys</Filter>
    </ClInclude>
    <ClInclude Include="$(MSBuildThisFileDirectory)..\..\..\include\angsys\ang\collections\hash_map.h">
      <Filter>header\angsys\collections</Filter>
    </ClInclude>
    <ClInclude Include="$(MSBuildThisFileDirectory)..\..\..\include\angsys\ang\core\listener.h">
      <Filter>header\angsys\core</Filter>
    </ClInclude>
    <ClInclude Include="$(MSBuildThisFileDirectory)..\..\..\include\angsys\ang\core\async.h">
      <Filter>header\angsys\core</Filter>
    </ClInclude>
    <ClInclude Include="$(MSBuildThisFileDirectory)..\..\..\include\angsys\ang\variable.h">
      <Filter>header\angsys</Filter>
    </ClInclude>
    <ClInclude Include="$(MSBuildThisFileDirectory)include\format_parser.h">
      <Filter>header\include</Filter>
    </ClInclude>
    <ClInclude Include="$(MSBuildThisFileDirectory)..\..\..\include\angsys\ang\maths\float2.h">
      <Filter>header\angsys\maths</Filter>
    </ClInclude>
    <ClInclude Include="$(MSBuildThisFileDirectory)..\..\..\include\angsys\ang\maths\float3.h">
      <Filter>header\angsys\maths</Filter>
    </ClInclude>
    <ClInclude Include="$(MSBuildThisFileDirectory)..\..\..\include\angsys\ang\maths\float4.h">
      <Filter>header\angsys\maths</Filter>
    </ClInclude>
    <ClInclude Include="$(MSBuildThisFileDirectory)..\..\..\include\angsys\ang\maths\float4x4.h">
      <Filter>header\angsys\maths</Filter>
    </ClInclude>
    <ClInclude Include="$(MSBuildThisFileDirectory)..\..\..\include\angsys\ang\maths\maths.h">
      <Filter>header\angsys\maths</Filter>
    </ClInclude>
    <ClInclude Include="$(MSBuildThisFileDirectory)..\..\..\include\angsys\ang\maths\quaternions.h">
      <Filter>header\angsys\maths</Filter>
    </ClInclude>
    <ClInclude Include="$(MSBuildThisFileDirectory)..\..\..\include\angsys\ang\maths\vectors.h">
      <Filter>header\angsys\maths</Filter>
    </ClInclude>
    <ClInclude Include="$(MSBuildThisFileDirectory)..\..\..\include\angsys\ang\maths\int128.h">
      <Filter>header\angsys\maths</Filter>
    </ClInclude>
    <ClInclude Include="$(MSBuildThisFileDirectory)..\..\..\include\angsys\ang\maths\quad.h">
      <Filter>header\angsys\maths</Filter>
    </ClInclude>
    <ClInclude Include="$(MSBuildThisFileDirectory)..\..\..\include\angsys\ang\platform\platform.h">
      <Filter>header\angsys\platform</Filter>
    </ClInclude>
    <ClInclude Include="$(MSBuildThisFileDirectory)..\..\..\include\angsys\ang\platform\input.h">
      <Filter>header\angsys\platform</Filter>
    </ClInclude>
    <ClInclude Include="$(MSBuildThisFileDirectory)..\..\..\include\angsys\ang\platform\events.h">
      <Filter>header\angsys\platform</Filter>
    </ClInclude>
    <ClInclude Include="$(MSBuildThisFileDirectory)..\..\..\include\angsys\ang\platform\core_msg.h">
      <Filter>header\angsys\platform</Filter>
    </ClInclude>
    <ClInclude Include="$(MSBuildThisFileDirectory)include\thread_manager.h">
      <Filter>header\include</Filter>
    </ClInclude>
    <ClInclude Include="$(MSBuildThisFileDirectory)..\..\..\include\angsys\ang\core\files.h">
      <Filter>header\angsys\core</Filter>
    </ClInclude>
    <ClInclude Include="$(MSBuildThisFileDirectory)..\..\..\include\angsys\ang\streams.h">
      <Filter>header\angsys</Filter>
    </ClInclude>
    <ClInclude Include="$(MSBuildThisFileDirectory)include\file_system.h">
      <Filter>header\include</Filter>
    </ClInclude>
    <ClInclude Include="$(MSBuildThisFileDirectory)..\..\..\include\angsys\ang\inline\com_wrapper.hpp">
      <Filter>header\angsys\inline</Filter>
    </ClInclude>
    <ClInclude Include="$(MSBuildThisFileDirectory)..\..\..\include\angsys\ang\collections\binary_tree.h">
      <Filter>header\angsys\collections</Filter>
    </ClInclude>
    <ClInclude Include="$(MSBuildThisFileDirectory)..\..\..\include\angsys\ang\dom\json.h">
      <Filter>header\angsys\dom</Filter>
    </ClInclude>
    <ClInclude Include="$(MSBuildThisFileDirectory)..\..\..\include\angsys\ang\dom\xml.h">
      <Filter>header\angsys\dom</Filter>
    </ClInclude>
    <ClInclude Include="$(MSBuildThisFileDirectory)..\..\..\include\angsys\ang\dom\xml\ixml_object.h">
      <Filter>header\angsys\dom\xml</Filter>
    </ClInclude>
    <ClInclude Include="$(MSBuildThisFileDirectory)..\..\..\include\angsys\ang\dom\xml\ixml_collection.h">
      <Filter>header\angsys\dom\xml</Filter>
    </ClInclude>
    <ClInclude Include="$(MSBuildThisFileDirectory)..\..\..\include\angsys\ang\dom\xml\ixml_node.h">
      <Filter>header\angsys\dom\xml</Filter>
    </ClInclude>
    <ClInclude Include="$(MSBuildThisFileDirectory)..\..\..\include\angsys\ang\dom\xml\ixml_document.h">
      <Filter>header\angsys\dom\xml</Filter>
    </ClInclude>
    <ClInclude Include="$(MSBuildThisFileDirectory)include\xml\xml_internal.h">
      <Filter>header\include\xml</Filter>
    </ClInclude>
    <ClInclude Include="$(MSBuildThisFileDirectory)include\xml\xml_element.h">
      <Filter>header\include\xml</Filter>
    </ClInclude>
    <ClInclude Include="$(MSBuildThisFileDirectory)include\xml\xml_node.h">
      <Filter>header\include\xml</Filter>
    </ClInclude>
    <ClInclude Include="$(MSBuildThisFileDirectory)include\xml\xml_text.h">
      <Filter>header\include\xml</Filter>
    </ClInclude>
    <ClInclude Include="$(MSBuildThisFileDirectory)include\xml\xml_attribute.h">
      <Filter>header\include\xml</Filter>
    </ClInclude>
    <ClInclude Include="$(MSBuildThisFileDirectory)include\xml\xml_comment.h">
      <Filter>header\include\xml</Filter>
    </ClInclude>
    <ClInclude Include="$(MSBuildThisFileDirectory)include\xml\xml_document.h">
      <Filter>header\include\xml</Filter>
    </ClInclude>
    <ClInclude Include="$(MSBuildThisFileDirectory)include\xml\xml_header.h">
      <Filter>header\include\xml</Filter>
    </ClInclude>
    <ClInclude Include="$(MSBuildThisFileDirectory)..\..\..\include\angsys\ang\dom\xml\ixml_header.h">
      <Filter>header\angsys\dom\xml</Filter>
    </ClInclude>
    <ClInclude Include="$(MSBuildThisFileDirectory)..\..\..\include\angsys\ang\core\timer.h">
      <Filter>header\angsys\core</Filter>
    </ClInclude>
  </ItemGroup>
  <ItemGroup>
    <ClCompile Include="$(MSBuildThisFileDirectory)source\angsys.cpp">
      <Filter>source</Filter>
    </ClCompile>
    <ClCompile Include="$(MSBuildThisFileDirectory)source\runtime.cpp">
      <Filter>source</Filter>
    </ClCompile>
    <ClCompile Include="$(MSBuildThisFileDirectory)source\memory.cpp">
      <Filter>source</Filter>
    </ClCompile>
    <ClCompile Include="$(MSBuildThisFileDirectory)source\object.cpp">
      <Filter>source</Filter>
    </ClCompile>
    <ClCompile Include="$(MSBuildThisFileDirectory)source\async\async.cpp">
      <Filter>source\async</Filter>
    </ClCompile>
    <ClCompile Include="$(MSBuildThisFileDirectory)source\buffers.cpp">
      <Filter>source</Filter>
    </ClCompile>
    <ClCompile Include="$(MSBuildThisFileDirectory)source\strings\const_string.cpp">
      <Filter>source\strings</Filter>
    </ClCompile>
    <ClCompile Include="$(MSBuildThisFileDirectory)source\strings\string.cpp">
      <Filter>source\strings</Filter>
    </ClCompile>
    <ClCompile Include="$(MSBuildThisFileDirectory)source\strings\string_pool.cpp">
      <Filter>source\strings</Filter>
    </ClCompile>
    <ClCompile Include="$(MSBuildThisFileDirectory)source\exception.cpp">
      <Filter>source</Filter>
    </ClCompile>
    <ClCompile Include="$(MSBuildThisFileDirectory)source\variant\boolean.cpp">
      <Filter>source\variant</Filter>
    </ClCompile>
    <ClCompile Include="$(MSBuildThisFileDirectory)source\variant\variant.cpp">
      <Filter>source\variant</Filter>
    </ClCompile>
    <ClCompile Include="$(MSBuildThisFileDirectory)source\variant\floating.cpp">
      <Filter>source\variant</Filter>
    </ClCompile>
    <ClCompile Include="$(MSBuildThisFileDirectory)source\variant\integer.cpp">
      <Filter>source\variant</Filter>
    </ClCompile>
    <ClCompile Include="$(MSBuildThisFileDirectory)source\variant\uinteger.cpp">
      <Filter>source\variant</Filter>
    </ClCompile>
    <ClCompile Include="$(MSBuildThisFileDirectory)source\strings\text_format.cpp">
      <Filter>source\strings</Filter>
    </ClCompile>
    <ClCompile Include="$(MSBuildThisFileDirectory)source\platform\events.cpp">
      <Filter>source\platform</Filter>
    </ClCompile>
    <ClCompile Include="$(MSBuildThisFileDirectory)source\platform\graphics.cpp">
      <Filter>source\platform</Filter>
    </ClCompile>
    <ClCompile Include="$(MSBuildThisFileDirectory)source\platform\message.cpp">
      <Filter>source\platform</Filter>
    </ClCompile>
    <ClCompile Include="$(MSBuildThisFileDirectory)source\platform\platform.cpp">
      <Filter>source\platform</Filter>
    </ClCompile>
    <ClCompile Include="$(MSBuildThisFileDirectory)source\async\thread.cpp">
      <Filter>source\async</Filter>
    </ClCompile>
    <ClCompile Include="$(MSBuildThisFileDirectory)source\async\task.cpp">
      <Filter>source\async</Filter>
    </ClCompile>
    <ClCompile Include="$(MSBuildThisFileDirectory)source\async\thread_manager.cpp">
      <Filter>source\async</Filter>
    </ClCompile>
    <ClCompile Include="$(MSBuildThisFileDirectory)source\streams\streams.cpp">
      <Filter>source\streams</Filter>
    </ClCompile>
    <ClCompile Include="$(MSBuildThisFileDirectory)source\files\files.cpp">
      <Filter>source\files</Filter>
    </ClCompile>
    <ClCompile Include="$(MSBuildThisFileDirectory)source\files\core_file.cpp">
      <Filter>source\files</Filter>
    </ClCompile>
    <ClCompile Include="$(MSBuildThisFileDirectory)source\files\file_system.cpp">
      <Filter>source\files</Filter>
    </ClCompile>
    <ClCompile Include="$(MSBuildThisFileDirectory)source\files\input_text_file.cpp">
      <Filter>source\files</Filter>
    </ClCompile>
    <ClCompile Include="$(MSBuildThisFileDirectory)source\xml\xml.cpp">
      <Filter>source\xml</Filter>
    </ClCompile>
    <ClCompile Include="$(MSBuildThisFileDirectory)source\encoder.cpp">
      <Filter>source</Filter>
    </ClCompile>
  </ItemGroup>
  <ItemGroup>
    <None Include="$(MSBuildThisFileDirectory)include\inline\const_string.inl">
      <Filter>header\include\inline</Filter>
    </None>
    <None Include="$(MSBuildThisFileDirectory)include\inline\string.inl">
      <Filter>header\include\inline</Filter>
    </None>
    <None Include="$(MSBuildThisFileDirectory)..\..\..\include\angsys\ang\collections\inline\array.inl">
      <Filter>header\angsys\collections\inline</Filter>
    </None>
    <None Include="$(MSBuildThisFileDirectory)..\..\..\include\angsys\ang\collections\inline\collections.inl">
      <Filter>header\angsys\collections\inline</Filter>
    </None>
    <None Include="$(MSBuildThisFileDirectory)..\..\..\include\angsys\ang\core\inline\function.inl">
      <Filter>header\angsys\core\inline</Filter>
    </None>
    <None Include="$(MSBuildThisFileDirectory)..\..\..\include\angsys\ang\base\inline\APPLY_FUNCX_N.inl">
      <Filter>header\angsys\base\inline</Filter>
    </None>
    <None Include="$(MSBuildThisFileDirectory)..\..\..\include\angsys\ang\base\inline\text.inl">
      <Filter>header\angsys\base\inline</Filter>
    </None>
    <None Include="$(MSBuildThisFileDirectory)..\..\..\include\angsys\ang\base\inline\runtime.inl">
      <Filter>header\angsys\base\inline</Filter>
    </None>
    <None Include="$(MSBuildThisFileDirectory)..\..\..\include\angsys\ang\collections\inline\vector.inl">
      <Filter>header\angsys\collections\inline</Filter>
    </None>
    <None Include="$(MSBuildThisFileDirectory)..\..\..\include\angsys\ang\collections\inline\hash_map.inl">
      <Filter>header\angsys\collections\inline</Filter>
    </None>
    <None Include="$(MSBuildThisFileDirectory)..\..\..\include\angsys\ang\core\inline\listener.inl">
      <Filter>header\angsys\core\inline</Filter>
    </None>
    <None Include="$(MSBuildThisFileDirectory)..\..\..\include\angsys\ang\inline\object.inl">
      <Filter>header\angsys\inline</Filter>
    </None>
    <None Include="$(MSBuildThisFileDirectory)..\..\..\include\angsys\ang\platform\inline\platform.inl">
      <Filter>header\angsys\platform\inline</Filter>
    </None>
    <None Include="$(MSBuildThisFileDirectory)..\..\..\include\angsys\ang\core\inline\async.inl">
      <Filter>header\angsys\core\inline</Filter>
    </None>
    <None Include="$(MSBuildThisFileDirectory)..\..\..\include\angsys\ang\collections\inline\binary_tree.inl">
      <Filter>header\angsys\collections\inline</Filter>
    </None>
    <None Include="$(MSBuildThisFileDirectory)include\xml\inline\xml_internal.inl">
      <Filter>header\include\xml\inline</Filter>
    </None>
    <None Include="$(MSBuildThisFileDirectory)..\..\..\include\angsys\ang\inline\variable.inl">
      <Filter>header\angsys\inline</Filter>
    </None>
    <None Include="$(MSBuildThisFileDirectory)include\xml\inline\xml_node.inl">
      <Filter>header\include\xml\inline</Filter>
    </None>
    <None Include="$(MSBuildThisFileDirectory)include\xml\inline\xml_collection.inl">
      <Filter>header\include\xml\inline</Filter>
    </None>
  </ItemGroup>
  <ItemGroup>
    <Natvis Include="$(MSBuildThisFileDirectory)utils\angsys.natvis">
      <Filter>utils</Filter>
    </Natvis>
  </ItemGroup>
</Project>