
Microsoft Visual Studio Solution File, Format Version 12.00
# Visual Studio 14
VisualStudioVersion = 14.0.25420.1
MinimumVisualStudioVersion = 10.0.40219.1
Project("{8BC9CEB8-8B4A-11D0-8D11-00A0C91BC942}") = "task1", "task1\task1.vcxproj", "{D9E8681E-FF8F-4C71-9866-F4EB0F43305C}"
EndProject
Project("{2150E333-8FDC-42A3-9474-1A3956D46DE8}") = "angsys", "angsys", "{03377881-D548-4FCD-B403-B5FFCC5A36E4}"
EndProject
Project("{8BC9CEB8-8B4A-11D0-8D11-00A0C91BC942}") = "angsys.desktop", "..\..\source\angsys\angsys.desktop\angsys.desktop.vcxproj", "{6E24F0D8-08FB-4DF2-9E07-D208C4FAACE3}"
EndProject
Project("{8BC9CEB8-8B4A-11D0-8D11-00A0C91BC942}") = "angsys.shared", "..\..\source\angsys\angsys.shared\angsys.shared.vcxitems", "{4D105416-0867-47F0-8320-3F0E6B233D73}"
EndProject
Project("{2150E333-8FDC-42A3-9474-1A3956D46DE8}") = "tasks", "tasks", "{D8E16DF2-4CE5-4BCF-877A-7426A8EC9E4C}"
EndProject
Global
	GlobalSection(SharedMSBuildProjectFiles) = preSolution
		..\..\source\angsys\angsys.shared\angsys.shared.vcxitems*{4d105416-0867-47f0-8320-3f0e6b233d73}*SharedItemsImports = 9
		..\..\source\angsys\angsys.shared\angsys.shared.vcxitems*{6e24f0d8-08fb-4df2-9e07-d208c4faace3}*SharedItemsImports = 4
	EndGlobalSection
	GlobalSection(SolutionConfigurationPlatforms) = preSolution
		Debug|x64 = Debug|x64
		Debug|x86 = Debug|x86
		Release|x64 = Release|x64
		Release|x86 = Release|x86
	EndGlobalSection
	GlobalSection(ProjectConfigurationPlatforms) = postSolution
		{D9E8681E-FF8F-4C71-9866-F4EB0F43305C}.Debug|x64.ActiveCfg = Debug|x64
		{D9E8681E-FF8F-4C71-9866-F4EB0F43305C}.Debug|x64.Build.0 = Debug|x64
		{D9E8681E-FF8F-4C71-9866-F4EB0F43305C}.Debug|x86.ActiveCfg = Debug|Win32
		{D9E8681E-FF8F-4C71-9866-F4EB0F43305C}.Debug|x86.Build.0 = Debug|Win32
		{D9E8681E-FF8F-4C71-9866-F4EB0F43305C}.Release|x64.ActiveCfg = Release|x64
		{D9E8681E-FF8F-4C71-9866-F4EB0F43305C}.Release|x64.Build.0 = Release|x64
		{D9E8681E-FF8F-4C71-9866-F4EB0F43305C}.Release|x86.ActiveCfg = Release|Win32
		{D9E8681E-FF8F-4C71-9866-F4EB0F43305C}.Release|x86.Build.0 = Release|Win32
		{6E24F0D8-08FB-4DF2-9E07-D208C4FAACE3}.Debug|x64.ActiveCfg = Debug|x64
		{6E24F0D8-08FB-4DF2-9E07-D208C4FAACE3}.Debug|x64.Build.0 = Debug|x64
		{6E24F0D8-08FB-4DF2-9E07-D208C4FAACE3}.Debug|x86.ActiveCfg = Debug|Win32
		{6E24F0D8-08FB-4DF2-9E07-D208C4FAACE3}.Debug|x86.Build.0 = Debug|Win32
		{6E24F0D8-08FB-4DF2-9E07-D208C4FAACE3}.Release|x64.ActiveCfg = Release|x64
		{6E24F0D8-08FB-4DF2-9E07-D208C4FAACE3}.Release|x64.Build.0 = Release|x64
		{6E24F0D8-08FB-4DF2-9E07-D208C4FAACE3}.Release|x86.ActiveCfg = Release|Win32
		{6E24F0D8-08FB-4DF2-9E07-D208C4FAACE3}.Release|x86.Build.0 = Release|Win32
	EndGlobalSection
	GlobalSection(SolutionProperties) = preSolution
		HideSolutionNode = FALSE
	EndGlobalSection
	GlobalSection(NestedProjects) = preSolution
		{D9E8681E-FF8F-4C71-9866-F4EB0F43305C} = {D8E16DF2-4CE5-4BCF-877A-7426A8EC9E4C}
		{6E24F0D8-08FB-4DF2-9E07-D208C4FAACE3} = {03377881-D548-4FCD-B403-B5FFCC5A36E4}
		{4D105416-0867-47F0-8320-3F0E6B233D73} = {03377881-D548-4FCD-B403-B5FFCC5A36E4}
	EndGlobalSection
EndGlobal
